// !$*UTF8*$!
{
	archiveVersion = 1;
	classes = {
	};
	objectVersion = 51;
	objects = {

/* Begin PBXBuildFile section */
		058557BB273AAA24004C7B11 /* Assets.xcassets in Resources */ = {isa = PBXBuildFile; fileRef = 058557BA273AAA24004C7B11 /* Assets.xcassets */; };
		2152FB042600AC8F00CF470E /* YouShopApp.swift in Sources */ = {isa = PBXBuildFile; fileRef = 2152FB032600AC8F00CF470E /* YouShopApp.swift */; };
		2F0FBF27295984DA00CB5390 /* FilterRungPrice.swift in Sources */ = {isa = PBXBuildFile; fileRef = 2F0FBF26295984DA00CB5390 /* FilterRungPrice.swift */; };
		2F0FBF29295987B900CB5390 /* CGFloat.swift in Sources */ = {isa = PBXBuildFile; fileRef = 2F0FBF28295987B900CB5390 /* CGFloat.swift */; };
		2F0FBF2B2959880300CB5390 /* Double.swift in Sources */ = {isa = PBXBuildFile; fileRef = 2F0FBF2A2959880300CB5390 /* Double.swift */; };
		2F0FBF2D2959916500CB5390 /* Binding.swift in Sources */ = {isa = PBXBuildFile; fileRef = 2F0FBF2C2959916500CB5390 /* Binding.swift */; };
		2F0FBF2F2959B6EC00CB5390 /* CartObservable.swift in Sources */ = {isa = PBXBuildFile; fileRef = 2F0FBF2E2959B6EC00CB5390 /* CartObservable.swift */; };
		2F0FBF312959BF7700CB5390 /* CartViewModel.swift in Sources */ = {isa = PBXBuildFile; fileRef = 2F0FBF302959BF7700CB5390 /* CartViewModel.swift */; };
		2F0FBF332959BF8E00CB5390 /* ProductCartItem.swift in Sources */ = {isa = PBXBuildFile; fileRef = 2F0FBF322959BF8E00CB5390 /* ProductCartItem.swift */; };
		2F0FBF352959E8D000CB5390 /* CartChangeCount.swift in Sources */ = {isa = PBXBuildFile; fileRef = 2F0FBF342959E8D000CB5390 /* CartChangeCount.swift */; };
		2F0FBF372959F8B900CB5390 /* OrderProductList.swift in Sources */ = {isa = PBXBuildFile; fileRef = 2F0FBF362959F8B900CB5390 /* OrderProductList.swift */; };
		2F0FBF392959F8C600CB5390 /* OrderStateDetail.swift in Sources */ = {isa = PBXBuildFile; fileRef = 2F0FBF382959F8C600CB5390 /* OrderStateDetail.swift */; };
		2F0FBF3B2959F8DA00CB5390 /* OrderClientDetail.swift in Sources */ = {isa = PBXBuildFile; fileRef = 2F0FBF3A2959F8DA00CB5390 /* OrderClientDetail.swift */; };
		2F0FBF3E2959FB5700CB5390 /* OrderHistoryRealm.swift in Sources */ = {isa = PBXBuildFile; fileRef = 2F0FBF3D2959FB5700CB5390 /* OrderHistoryRealm.swift */; };
		2F0FBF40295A03A500CB5390 /* OrderHistoryItem.swift in Sources */ = {isa = PBXBuildFile; fileRef = 2F0FBF3F295A03A500CB5390 /* OrderHistoryItem.swift */; };
		2F0FBF42295A044000CB5390 /* OrderHistoryViewModel.swift in Sources */ = {isa = PBXBuildFile; fileRef = 2F0FBF41295A044000CB5390 /* OrderHistoryViewModel.swift */; };
		2F0FBF44295A0BFD00CB5390 /* ImageCombine.swift in Sources */ = {isa = PBXBuildFile; fileRef = 2F0FBF43295A0BFD00CB5390 /* ImageCombine.swift */; };
		2F4D7B4729507FC1002F507B /* .swiftformat in Resources */ = {isa = PBXBuildFile; fileRef = 2F4D7B4329507FC0002F507B /* .swiftformat */; };
		2F4D7B4829507FC1002F507B /* .gitignore in Resources */ = {isa = PBXBuildFile; fileRef = 2F4D7B4429507FC0002F507B /* .gitignore */; };
		2F4D7B4929507FC1002F507B /* swiftgen.yml in Resources */ = {isa = PBXBuildFile; fileRef = 2F4D7B4529507FC1002F507B /* swiftgen.yml */; };
		2F4D7B4A29507FC1002F507B /* .swiftlint.yml in Resources */ = {isa = PBXBuildFile; fileRef = 2F4D7B4629507FC1002F507B /* .swiftlint.yml */; };
		2F4D7B4D29508085002F507B /* ConstantsKMM.swift in Sources */ = {isa = PBXBuildFile; fileRef = 2F4D7B4C29508085002F507B /* ConstantsKMM.swift */; };
		2F4D7B6529508892002F507B /* webpage_error.json in Resources */ = {isa = PBXBuildFile; fileRef = 2F4D7B5D29508890002F507B /* webpage_error.json */; };
		2F4D7B6629508892002F507B /* cart_empty.json in Resources */ = {isa = PBXBuildFile; fileRef = 2F4D7B5E29508891002F507B /* cart_empty.json */; };
		2F4D7B6729508892002F507B /* loading_round.json in Resources */ = {isa = PBXBuildFile; fileRef = 2F4D7B5F29508891002F507B /* loading_round.json */; };
		2F4D7B6829508892002F507B /* empty_box_blue.json in Resources */ = {isa = PBXBuildFile; fileRef = 2F4D7B6029508891002F507B /* empty_box_blue.json */; };
		2F4D7B6929508892002F507B /* order_success.json in Resources */ = {isa = PBXBuildFile; fileRef = 2F4D7B6129508891002F507B /* order_success.json */; };
		2F4D7B6A29508892002F507B /* cat_sneaking.json in Resources */ = {isa = PBXBuildFile; fileRef = 2F4D7B6229508891002F507B /* cat_sneaking.json */; };
		2F4D7B6B29508892002F507B /* block_loader.json in Resources */ = {isa = PBXBuildFile; fileRef = 2F4D7B6329508891002F507B /* block_loader.json */; };
		2F4D7B6C29508892002F507B /* cat_playing_animation.json in Resources */ = {isa = PBXBuildFile; fileRef = 2F4D7B6429508892002F507B /* cat_playing_animation.json */; };
		2F4D7B7029508985002F507B /* App.strings in Resources */ = {isa = PBXBuildFile; fileRef = 2F4D7B6E29508985002F507B /* App.strings */; };
		2F4D7B72295089F4002F507B /* Colors.xcassets in Resources */ = {isa = PBXBuildFile; fileRef = 2F4D7B71295089F4002F507B /* Colors.xcassets */; };
		2F77032A29509B6900E3F5EA /* AppStrings.swift in Sources */ = {isa = PBXBuildFile; fileRef = 2F77032929509B6900E3F5EA /* AppStrings.swift */; };
		2F77032C29509B8500E3F5EA /* GeneratedResources.swift in Sources */ = {isa = PBXBuildFile; fileRef = 2F77032B29509B8500E3F5EA /* GeneratedResources.swift */; };
		2F77032E29509DCC00E3F5EA /* Splash.storyboard in Resources */ = {isa = PBXBuildFile; fileRef = 2F77032D29509DCC00E3F5EA /* Splash.storyboard */; };
		2F77033B2950C2C900E3F5EA /* CartScreen.swift in Sources */ = {isa = PBXBuildFile; fileRef = 2F77033A2950C2C900E3F5EA /* CartScreen.swift */; };
		2F77033D2950C2D900E3F5EA /* ContactScreen.swift in Sources */ = {isa = PBXBuildFile; fileRef = 2F77033C2950C2D900E3F5EA /* ContactScreen.swift */; };
		2F77033F2950C2FC00E3F5EA /* ContactFormScreen.swift in Sources */ = {isa = PBXBuildFile; fileRef = 2F77033E2950C2FC00E3F5EA /* ContactFormScreen.swift */; };
		2F7703412950C31300E3F5EA /* ExploringTabs.swift in Sources */ = {isa = PBXBuildFile; fileRef = 2F7703402950C31300E3F5EA /* ExploringTabs.swift */; };
		2F7703432950C32B00E3F5EA /* ExploringCategoriesScreen.swift in Sources */ = {isa = PBXBuildFile; fileRef = 2F7703422950C32B00E3F5EA /* ExploringCategoriesScreen.swift */; };
		2F7703452950C33C00E3F5EA /* ExploringCollectionsScreen.swift in Sources */ = {isa = PBXBuildFile; fileRef = 2F7703442950C33C00E3F5EA /* ExploringCollectionsScreen.swift */; };
		2F7703472950C34E00E3F5EA /* HomeTabs.swift in Sources */ = {isa = PBXBuildFile; fileRef = 2F7703462950C34E00E3F5EA /* HomeTabs.swift */; };
		2F7703492950C36200E3F5EA /* HomeScreen.swift in Sources */ = {isa = PBXBuildFile; fileRef = 2F7703482950C36200E3F5EA /* HomeScreen.swift */; };
		2F77034B2950C37A00E3F5EA /* OrderScreen.swift in Sources */ = {isa = PBXBuildFile; fileRef = 2F77034A2950C37A00E3F5EA /* OrderScreen.swift */; };
		2F77034D2950C38700E3F5EA /* OrderCreateScreen.swift in Sources */ = {isa = PBXBuildFile; fileRef = 2F77034C2950C38700E3F5EA /* OrderCreateScreen.swift */; };
		2F77034F2950C39500E3F5EA /* OrderHistoryScreen.swift in Sources */ = {isa = PBXBuildFile; fileRef = 2F77034E2950C39500E3F5EA /* OrderHistoryScreen.swift */; };
		2F7703512950C3A400E3F5EA /* OrderSearchScreen.swift in Sources */ = {isa = PBXBuildFile; fileRef = 2F7703502950C3A400E3F5EA /* OrderSearchScreen.swift */; };
		2F7703532950C3B400E3F5EA /* ProductScreen.swift in Sources */ = {isa = PBXBuildFile; fileRef = 2F7703522950C3B400E3F5EA /* ProductScreen.swift */; };
		2F7703552950C3C200E3F5EA /* ProductsScreen.swift in Sources */ = {isa = PBXBuildFile; fileRef = 2F7703542950C3C200E3F5EA /* ProductsScreen.swift */; };
		2F77035A2950D69F00E3F5EA /* UIColor.swift in Sources */ = {isa = PBXBuildFile; fileRef = 2F7703592950D69F00E3F5EA /* UIColor.swift */; };
		2F77035C2950DB0F00E3F5EA /* Color.swift in Sources */ = {isa = PBXBuildFile; fileRef = 2F77035B2950DB0F00E3F5EA /* Color.swift */; };
		2F77035F2950EFCF00E3F5EA /* Exploring.strings in Resources */ = {isa = PBXBuildFile; fileRef = 2F77035D2950EFCF00E3F5EA /* Exploring.strings */; };
		2F7703612950F17400E3F5EA /* ExploringStrings.swift in Sources */ = {isa = PBXBuildFile; fileRef = 2F7703602950F17400E3F5EA /* ExploringStrings.swift */; };
		2F7703632951132800E3F5EA /* View.swift in Sources */ = {isa = PBXBuildFile; fileRef = 2F7703622951132800E3F5EA /* View.swift */; };
		2F7703652951186100E3F5EA /* NavigationBackButton.swift in Sources */ = {isa = PBXBuildFile; fileRef = 2F7703642951186100E3F5EA /* NavigationBackButton.swift */; };
		2F77036729514A6B00E3F5EA /* HiddenModifier.swift in Sources */ = {isa = PBXBuildFile; fileRef = 2F77036629514A6B00E3F5EA /* HiddenModifier.swift */; };
		2F7703692951C5F400E3F5EA /* LottieView.swift in Sources */ = {isa = PBXBuildFile; fileRef = 2F7703682951C5F400E3F5EA /* LottieView.swift */; };
		2F77036C29525C9300E3F5EA /* CatPlayingAnimation.swift in Sources */ = {isa = PBXBuildFile; fileRef = 2F77036B29525C9300E3F5EA /* CatPlayingAnimation.swift */; };
		2F77036E29525CA100E3F5EA /* CatSneakingAnimation.swift in Sources */ = {isa = PBXBuildFile; fileRef = 2F77036D29525CA100E3F5EA /* CatSneakingAnimation.swift */; };
		2F77037029525CAF00E3F5EA /* EmptyBoxAnimation.swift in Sources */ = {isa = PBXBuildFile; fileRef = 2F77036F29525CAF00E3F5EA /* EmptyBoxAnimation.swift */; };
		2F77037229525CBC00E3F5EA /* EmptyCartAnimation.swift in Sources */ = {isa = PBXBuildFile; fileRef = 2F77037129525CBC00E3F5EA /* EmptyCartAnimation.swift */; };
		2F77037429525CCB00E3F5EA /* ErrorAnimation.swift in Sources */ = {isa = PBXBuildFile; fileRef = 2F77037329525CCB00E3F5EA /* ErrorAnimation.swift */; };
		2F77037629525CD800E3F5EA /* LoadingAnimation.swift in Sources */ = {isa = PBXBuildFile; fileRef = 2F77037529525CD800E3F5EA /* LoadingAnimation.swift */; };
		2F77037829525CE400E3F5EA /* SuccessCartAnimation.swift in Sources */ = {isa = PBXBuildFile; fileRef = 2F77037729525CE400E3F5EA /* SuccessCartAnimation.swift */; };
		2F77037B29526B5000E3F5EA /* EmptyBody.swift in Sources */ = {isa = PBXBuildFile; fileRef = 2F77037A29526B5000E3F5EA /* EmptyBody.swift */; };
		2F77037D29526B5D00E3F5EA /* EmptyCartBody.swift in Sources */ = {isa = PBXBuildFile; fileRef = 2F77037C29526B5D00E3F5EA /* EmptyCartBody.swift */; };
		2F77037F29526B6900E3F5EA /* ErrorBody.swift in Sources */ = {isa = PBXBuildFile; fileRef = 2F77037E29526B6900E3F5EA /* ErrorBody.swift */; };
		2F77038129526B7500E3F5EA /* LoadingBody.swift in Sources */ = {isa = PBXBuildFile; fileRef = 2F77038029526B7500E3F5EA /* LoadingBody.swift */; };
		2F77038329526B8200E3F5EA /* SuccessCartBody.swift in Sources */ = {isa = PBXBuildFile; fileRef = 2F77038229526B8200E3F5EA /* SuccessCartBody.swift */; };
		2F77038629526CAC00E3F5EA /* AppText.swift in Sources */ = {isa = PBXBuildFile; fileRef = 2F77038529526CAC00E3F5EA /* AppText.swift */; };
		2F7703882952732200E3F5EA /* Typography.swift in Sources */ = {isa = PBXBuildFile; fileRef = 2F7703872952732200E3F5EA /* Typography.swift */; };
		2F77038B29527BC200E3F5EA /* BottonStyle.swift in Sources */ = {isa = PBXBuildFile; fileRef = 2F77038A29527BC100E3F5EA /* BottonStyle.swift */; };
		2F77038D29527BD700E3F5EA /* ButtonOutlineStyle.swift in Sources */ = {isa = PBXBuildFile; fileRef = 2F77038C29527BD700E3F5EA /* ButtonOutlineStyle.swift */; };
		2F770390295282E000E3F5EA /* Cart.strings in Resources */ = {isa = PBXBuildFile; fileRef = 2F77038E295282E000E3F5EA /* Cart.strings */; };
		2F770393295282F000E3F5EA /* Contact.strings in Resources */ = {isa = PBXBuildFile; fileRef = 2F770391295282F000E3F5EA /* Contact.strings */; };
		2F7703962952830100E3F5EA /* ContactForm.strings in Resources */ = {isa = PBXBuildFile; fileRef = 2F7703942952830100E3F5EA /* ContactForm.strings */; };
		2F7703992952832000E3F5EA /* Home.strings in Resources */ = {isa = PBXBuildFile; fileRef = 2F7703972952832000E3F5EA /* Home.strings */; };
		2F77039C2952833500E3F5EA /* Order.strings in Resources */ = {isa = PBXBuildFile; fileRef = 2F77039A2952833500E3F5EA /* Order.strings */; };
		2F77039F2952834700E3F5EA /* OrderCreate.strings in Resources */ = {isa = PBXBuildFile; fileRef = 2F77039D2952834700E3F5EA /* OrderCreate.strings */; };
		2F7703A22952836400E3F5EA /* OrderHistory.strings in Resources */ = {isa = PBXBuildFile; fileRef = 2F7703A02952836400E3F5EA /* OrderHistory.strings */; };
		2F7703A52952837600E3F5EA /* OrderSearch.strings in Resources */ = {isa = PBXBuildFile; fileRef = 2F7703A32952837600E3F5EA /* OrderSearch.strings */; };
		2F7703A82952838A00E3F5EA /* Product.strings in Resources */ = {isa = PBXBuildFile; fileRef = 2F7703A62952838A00E3F5EA /* Product.strings */; };
		2F7703AB2952839C00E3F5EA /* Products.strings in Resources */ = {isa = PBXBuildFile; fileRef = 2F7703A92952839C00E3F5EA /* Products.strings */; };
		2F7703B62952851700E3F5EA /* OrderCreateStrings.swift in Sources */ = {isa = PBXBuildFile; fileRef = 2F7703AC2952851700E3F5EA /* OrderCreateStrings.swift */; };
		2F7703B72952851700E3F5EA /* ContactStrings.swift in Sources */ = {isa = PBXBuildFile; fileRef = 2F7703AD2952851700E3F5EA /* ContactStrings.swift */; };
		2F7703B82952851700E3F5EA /* HomeStrings.swift in Sources */ = {isa = PBXBuildFile; fileRef = 2F7703AE2952851700E3F5EA /* HomeStrings.swift */; };
		2F7703B92952851700E3F5EA /* OrderHistoryStrings.swift in Sources */ = {isa = PBXBuildFile; fileRef = 2F7703AF2952851700E3F5EA /* OrderHistoryStrings.swift */; };
		2F7703BA2952851700E3F5EA /* ContactFormStrings.swift in Sources */ = {isa = PBXBuildFile; fileRef = 2F7703B02952851700E3F5EA /* ContactFormStrings.swift */; };
		2F7703BB2952851700E3F5EA /* OrderSearchStrings.swift in Sources */ = {isa = PBXBuildFile; fileRef = 2F7703B12952851700E3F5EA /* OrderSearchStrings.swift */; };
		2F7703BC2952851700E3F5EA /* OrderStrings.swift in Sources */ = {isa = PBXBuildFile; fileRef = 2F7703B22952851700E3F5EA /* OrderStrings.swift */; };
		2F7703BD2952851700E3F5EA /* ProductsStrings.swift in Sources */ = {isa = PBXBuildFile; fileRef = 2F7703B32952851700E3F5EA /* ProductsStrings.swift */; };
		2F7703BE2952851700E3F5EA /* ProductStrings.swift in Sources */ = {isa = PBXBuildFile; fileRef = 2F7703B42952851700E3F5EA /* ProductStrings.swift */; };
		2F7703BF2952851700E3F5EA /* CartStrings.swift in Sources */ = {isa = PBXBuildFile; fileRef = 2F7703B52952851700E3F5EA /* CartStrings.swift */; };
		2F7703C12952992A00E3F5EA /* NavObservable.swift in Sources */ = {isa = PBXBuildFile; fileRef = 2F7703C02952992A00E3F5EA /* NavObservable.swift */; };
		2F7703C32952993600E3F5EA /* NavScreens.swift in Sources */ = {isa = PBXBuildFile; fileRef = 2F7703C22952993600E3F5EA /* NavScreens.swift */; };
		2F7703D029529B9A00E3F5EA /* InfoBlock.swift in Sources */ = {isa = PBXBuildFile; fileRef = 2F7703CF29529B9A00E3F5EA /* InfoBlock.swift */; };
		2F7703D329529ED500E3F5EA /* Shapes.swift in Sources */ = {isa = PBXBuildFile; fileRef = 2F7703D229529ED500E3F5EA /* Shapes.swift */; };
		2F7703D52952A22900E3F5EA /* ButtonStyleSize.swift in Sources */ = {isa = PBXBuildFile; fileRef = 2F7703D42952A22900E3F5EA /* ButtonStyleSize.swift */; };
		2F7703D72952A90000E3F5EA /* CategoriesBlock.swift in Sources */ = {isa = PBXBuildFile; fileRef = 2F7703D62952A90000E3F5EA /* CategoriesBlock.swift */; };
		2F7703D92952B30900E3F5EA /* CategoryItemBlock.swift in Sources */ = {isa = PBXBuildFile; fileRef = 2F7703D82952B30900E3F5EA /* CategoryItemBlock.swift */; };
		2F7703DB2952FE0800E3F5EA /* ContactEmailBlock.swift in Sources */ = {isa = PBXBuildFile; fileRef = 2F7703DA2952FE0800E3F5EA /* ContactEmailBlock.swift */; };
		2F7703DD2952FE1C00E3F5EA /* ContactPhoneBlock.swift in Sources */ = {isa = PBXBuildFile; fileRef = 2F7703DC2952FE1C00E3F5EA /* ContactPhoneBlock.swift */; };
		2F7703DF2952FE2E00E3F5EA /* ContactMessageBlock.swift in Sources */ = {isa = PBXBuildFile; fileRef = 2F7703DE2952FE2E00E3F5EA /* ContactMessageBlock.swift */; };
		2F7703E12952FE3B00E3F5EA /* ContactAddressBlock.swift in Sources */ = {isa = PBXBuildFile; fileRef = 2F7703E02952FE3B00E3F5EA /* ContactAddressBlock.swift */; };
		2F7703E32952FE4600E3F5EA /* ContactMapBlock.swift in Sources */ = {isa = PBXBuildFile; fileRef = 2F7703E22952FE4600E3F5EA /* ContactMapBlock.swift */; };
		2F7703E529532F9100E3F5EA /* WebView.swift in Sources */ = {isa = PBXBuildFile; fileRef = 2F7703E429532F9100E3F5EA /* WebView.swift */; };
		2F8AE2A2295A4025005BC2D2 /* OrderProductItem.swift in Sources */ = {isa = PBXBuildFile; fileRef = 2F8AE2A1295A4025005BC2D2 /* OrderProductItem.swift */; };
		2F8AE2A4295A5984005BC2D2 /* CategoryRealm.swift in Sources */ = {isa = PBXBuildFile; fileRef = 2F8AE2A3295A5984005BC2D2 /* CategoryRealm.swift */; };
		2F8AE2A6295A5B02005BC2D2 /* CollectionRealm.swift in Sources */ = {isa = PBXBuildFile; fileRef = 2F8AE2A5295A5B02005BC2D2 /* CollectionRealm.swift */; };
		2FB4D21F29584B240065549C /* HomeViewModel.swift in Sources */ = {isa = PBXBuildFile; fileRef = 2FB4D21E29584B240065549C /* HomeViewModel.swift */; };
		2FB4D222295852680065549C /* SplashScreen.swift in Sources */ = {isa = PBXBuildFile; fileRef = 2FB4D221295852680065549C /* SplashScreen.swift */; };
		2FB4D2242958541A0065549C /* SplashViewModel.swift in Sources */ = {isa = PBXBuildFile; fileRef = 2FB4D2232958541A0065549C /* SplashViewModel.swift */; };
		2FB4D226295865A70065549C /* AppObservable.swift in Sources */ = {isa = PBXBuildFile; fileRef = 2FB4D225295865A70065549C /* AppObservable.swift */; };
		2FB4D228295867340065549C /* TabsHome.swift in Sources */ = {isa = PBXBuildFile; fileRef = 2FB4D227295867340065549C /* TabsHome.swift */; };
		2FB4D22A2958683B0065549C /* TabsExploring.swift in Sources */ = {isa = PBXBuildFile; fileRef = 2FB4D2292958683B0065549C /* TabsExploring.swift */; };
		2FB4D22C29586C3B0065549C /* ProductViewModel.swift in Sources */ = {isa = PBXBuildFile; fileRef = 2FB4D22B29586C3B0065549C /* ProductViewModel.swift */; };
		2FB7EEA1295587BD007AC7F1 /* ExploringCategoriesViewModel.swift in Sources */ = {isa = PBXBuildFile; fileRef = 2FB7EEA0295587BD007AC7F1 /* ExploringCategoriesViewModel.swift */; };
		2FB7EEA3295587EC007AC7F1 /* ExploringCollectionsViewModel.swift in Sources */ = {isa = PBXBuildFile; fileRef = 2FB7EEA2295587EC007AC7F1 /* ExploringCollectionsViewModel.swift */; };
		2FB7EEA5295592BB007AC7F1 /* CategoryItem.swift in Sources */ = {isa = PBXBuildFile; fileRef = 2FB7EEA4295592BB007AC7F1 /* CategoryItem.swift */; };
		2FB7EEA7295592C6007AC7F1 /* CollectionItem.swift in Sources */ = {isa = PBXBuildFile; fileRef = 2FB7EEA6295592C6007AC7F1 /* CollectionItem.swift */; };
		2FB7EEA9295596B3007AC7F1 /* ClickModifier.swift in Sources */ = {isa = PBXBuildFile; fileRef = 2FB7EEA8295596B3007AC7F1 /* ClickModifier.swift */; };
		2FB7EEAC2955BA78007AC7F1 /* ImageDefault.swift in Sources */ = {isa = PBXBuildFile; fileRef = 2FB7EEAB2955BA78007AC7F1 /* ImageDefault.swift */; };
		2FB7EEB02955D705007AC7F1 /* SVGImgProcessor.swift in Sources */ = {isa = PBXBuildFile; fileRef = 2FB7EEAF2955D705007AC7F1 /* SVGImgProcessor.swift */; };
		2FB7EEB22955DE70007AC7F1 /* SVGKImage.swift in Sources */ = {isa = PBXBuildFile; fileRef = 2FB7EEB12955DE70007AC7F1 /* SVGKImage.swift */; };
		2FB7EEB429560C98007AC7F1 /* ContactFormViewModel.swift in Sources */ = {isa = PBXBuildFile; fileRef = 2FB7EEB329560C98007AC7F1 /* ContactFormViewModel.swift */; };
		2FB7EEB629561632007AC7F1 /* Error.swift in Sources */ = {isa = PBXBuildFile; fileRef = 2FB7EEB529561632007AC7F1 /* Error.swift */; };
		2FB7EEBC295625D7007AC7F1 /* ErrorResponse.swift in Sources */ = {isa = PBXBuildFile; fileRef = 2FB7EEBB295625D7007AC7F1 /* ErrorResponse.swift */; };
		2FCDA78F29570902004EA471 /* OrderCreateViewModel.swift in Sources */ = {isa = PBXBuildFile; fileRef = 2FCDA78E29570902004EA471 /* OrderCreateViewModel.swift */; };
		2FCDA7912957134C004EA471 /* ProductsViewModel.swift in Sources */ = {isa = PBXBuildFile; fileRef = 2FCDA7902957134C004EA471 /* ProductsViewModel.swift */; };
		2FCDA7932957551D004EA471 /* ProductItem.swift in Sources */ = {isa = PBXBuildFile; fileRef = 2FCDA7922957551D004EA471 /* ProductItem.swift */; };
		2FCDA79529575822004EA471 /* KotlinArray.swift in Sources */ = {isa = PBXBuildFile; fileRef = 2FCDA79429575822004EA471 /* KotlinArray.swift */; };
		2FCDA7982957B1E2004EA471 /* NavEnvironment.swift in Sources */ = {isa = PBXBuildFile; fileRef = 2FCDA7972957B1E2004EA471 /* NavEnvironment.swift */; };
		2FCDA79A2957B219004EA471 /* NavDiscover.swift in Sources */ = {isa = PBXBuildFile; fileRef = 2FCDA7992957B219004EA471 /* NavDiscover.swift */; };
		2FE8A6B7295363EA002B1087 /* AppForm.swift in Sources */ = {isa = PBXBuildFile; fileRef = 2FE8A6B6295363EA002B1087 /* AppForm.swift */; };
		2FE8A6B9295363FA002B1087 /* AppFieldText.swift in Sources */ = {isa = PBXBuildFile; fileRef = 2FE8A6B8295363FA002B1087 /* AppFieldText.swift */; };
		2FE8A6C029536456002B1087 /* FnameField.swift in Sources */ = {isa = PBXBuildFile; fileRef = 2FE8A6BF29536456002B1087 /* FnameField.swift */; };
		2FE8A6C3295365AC002B1087 /* FormFields.strings in Resources */ = {isa = PBXBuildFile; fileRef = 2FE8A6C1295365AC002B1087 /* FormFields.strings */; };
		2FE8A6C52953668A002B1087 /* FieldsProtocol.swift in Sources */ = {isa = PBXBuildFile; fileRef = 2FE8A6C42953668A002B1087 /* FieldsProtocol.swift */; };
		2FE8A6C7295366C5002B1087 /* FormFieldsStrings.swift in Sources */ = {isa = PBXBuildFile; fileRef = 2FE8A6C6295366C4002B1087 /* FormFieldsStrings.swift */; };
		2FE8A6C929536AEE002B1087 /* LnameOptionalField.swift in Sources */ = {isa = PBXBuildFile; fileRef = 2FE8A6C829536AEE002B1087 /* LnameOptionalField.swift */; };
		2FE8A6CB29536AFD002B1087 /* PhoneField.swift in Sources */ = {isa = PBXBuildFile; fileRef = 2FE8A6CA29536AFD002B1087 /* PhoneField.swift */; };
		2FE8A6CD29536B1A002B1087 /* EmailField.swift in Sources */ = {isa = PBXBuildFile; fileRef = 2FE8A6CC29536B1A002B1087 /* EmailField.swift */; };
		2FE8A6CF29536B2D002B1087 /* MessageField.swift in Sources */ = {isa = PBXBuildFile; fileRef = 2FE8A6CE29536B2D002B1087 /* MessageField.swift */; };
		2FE8A6D129536B5A002B1087 /* PhoneOptionalField.swift in Sources */ = {isa = PBXBuildFile; fileRef = 2FE8A6D029536B5A002B1087 /* PhoneOptionalField.swift */; };
		2FE8A6D329536B6E002B1087 /* EmailOptionalField.swift in Sources */ = {isa = PBXBuildFile; fileRef = 2FE8A6D229536B6E002B1087 /* EmailOptionalField.swift */; };
		2FE8A6D529537866002B1087 /* AddressOptionalField.swift in Sources */ = {isa = PBXBuildFile; fileRef = 2FE8A6D429537866002B1087 /* AddressOptionalField.swift */; };
		2FF357FF295486AF0001B89A /* AppSection.swift in Sources */ = {isa = PBXBuildFile; fileRef = 2FF357FE295486AF0001B89A /* AppSection.swift */; };
		2FF35801295499960001B89A /* AppScrollView.swift in Sources */ = {isa = PBXBuildFile; fileRef = 2FF35800295499960001B89A /* AppScrollView.swift */; };
		2FF358042954AAE60001B89A /* OrderNumberField.swift in Sources */ = {isa = PBXBuildFile; fileRef = 2FF358032954AAE60001B89A /* OrderNumberField.swift */; };
		2FF358062954AD480001B89A /* String.swift in Sources */ = {isa = PBXBuildFile; fileRef = 2FF358052954AD480001B89A /* String.swift */; };
		2FF358082954DCB00001B89A /* OrderViewModel.swift in Sources */ = {isa = PBXBuildFile; fileRef = 2FF358072954DCB00001B89A /* OrderViewModel.swift */; };
		2FF3580B2954E4FC0001B89A /* CategoryRequests.swift in Sources */ = {isa = PBXBuildFile; fileRef = 2FF3580A2954E4FC0001B89A /* CategoryRequests.swift */; };
		2FF3580D2954E5080001B89A /* CollectionRequests.swift in Sources */ = {isa = PBXBuildFile; fileRef = 2FF3580C2954E5080001B89A /* CollectionRequests.swift */; };
		2FF3580F2954E53D0001B89A /* OtherRequests.swift in Sources */ = {isa = PBXBuildFile; fileRef = 2FF3580E2954E53D0001B89A /* OtherRequests.swift */; };
		2FF358112954E5530001B89A /* MessageRequests.swift in Sources */ = {isa = PBXBuildFile; fileRef = 2FF358102954E5530001B89A /* MessageRequests.swift */; };
		2FF358132954E5650001B89A /* OrderRequests.swift in Sources */ = {isa = PBXBuildFile; fileRef = 2FF358122954E5650001B89A /* OrderRequests.swift */; };
		2FF358152954E5760001B89A /* ProductRequests.swift in Sources */ = {isa = PBXBuildFile; fileRef = 2FF358142954E5760001B89A /* ProductRequests.swift */; };
		2FF358172954E7B10001B89A /* ResponseDefaultError.swift in Sources */ = {isa = PBXBuildFile; fileRef = 2FF358162954E7B10001B89A /* ResponseDefaultError.swift */; };
		2FF358192954E8EF0001B89A /* Int.swift in Sources */ = {isa = PBXBuildFile; fileRef = 2FF358182954E8EF0001B89A /* Int.swift */; };
		D61505A8714DF2F0D13FD4DF /* Pods_YouShop.framework in Frameworks */ = {isa = PBXBuildFile; fileRef = 93DE91E9561A4D89B8EA3A66 /* Pods_YouShop.framework */; };
/* End PBXBuildFile section */

/* Begin PBXFileReference section */
		058557BA273AAA24004C7B11 /* Assets.xcassets */ = {isa = PBXFileReference; lastKnownFileType = folder.assetcatalog; path = Assets.xcassets; sourceTree = "<group>"; };
		2152FB032600AC8F00CF470E /* YouShopApp.swift */ = {isa = PBXFileReference; lastKnownFileType = sourcecode.swift; path = YouShopApp.swift; sourceTree = "<group>"; };
		2F0FBF26295984DA00CB5390 /* FilterRungPrice.swift */ = {isa = PBXFileReference; lastKnownFileType = sourcecode.swift; path = FilterRungPrice.swift; sourceTree = "<group>"; };
		2F0FBF28295987B900CB5390 /* CGFloat.swift */ = {isa = PBXFileReference; lastKnownFileType = sourcecode.swift; path = CGFloat.swift; sourceTree = "<group>"; };
		2F0FBF2A2959880300CB5390 /* Double.swift */ = {isa = PBXFileReference; lastKnownFileType = sourcecode.swift; path = Double.swift; sourceTree = "<group>"; };
		2F0FBF2C2959916500CB5390 /* Binding.swift */ = {isa = PBXFileReference; lastKnownFileType = sourcecode.swift; path = Binding.swift; sourceTree = "<group>"; };
		2F0FBF2E2959B6EC00CB5390 /* CartObservable.swift */ = {isa = PBXFileReference; lastKnownFileType = sourcecode.swift; path = CartObservable.swift; sourceTree = "<group>"; };
		2F0FBF302959BF7700CB5390 /* CartViewModel.swift */ = {isa = PBXFileReference; lastKnownFileType = sourcecode.swift; path = CartViewModel.swift; sourceTree = "<group>"; };
		2F0FBF322959BF8E00CB5390 /* ProductCartItem.swift */ = {isa = PBXFileReference; lastKnownFileType = sourcecode.swift; path = ProductCartItem.swift; sourceTree = "<group>"; };
		2F0FBF342959E8D000CB5390 /* CartChangeCount.swift */ = {isa = PBXFileReference; lastKnownFileType = sourcecode.swift; path = CartChangeCount.swift; sourceTree = "<group>"; };
		2F0FBF362959F8B900CB5390 /* OrderProductList.swift */ = {isa = PBXFileReference; lastKnownFileType = sourcecode.swift; path = OrderProductList.swift; sourceTree = "<group>"; };
		2F0FBF382959F8C600CB5390 /* OrderStateDetail.swift */ = {isa = PBXFileReference; lastKnownFileType = sourcecode.swift; path = OrderStateDetail.swift; sourceTree = "<group>"; };
		2F0FBF3A2959F8DA00CB5390 /* OrderClientDetail.swift */ = {isa = PBXFileReference; lastKnownFileType = sourcecode.swift; path = OrderClientDetail.swift; sourceTree = "<group>"; };
		2F0FBF3D2959FB5700CB5390 /* OrderHistoryRealm.swift */ = {isa = PBXFileReference; lastKnownFileType = sourcecode.swift; path = OrderHistoryRealm.swift; sourceTree = "<group>"; };
		2F0FBF3F295A03A500CB5390 /* OrderHistoryItem.swift */ = {isa = PBXFileReference; lastKnownFileType = sourcecode.swift; path = OrderHistoryItem.swift; sourceTree = "<group>"; };
		2F0FBF41295A044000CB5390 /* OrderHistoryViewModel.swift */ = {isa = PBXFileReference; lastKnownFileType = sourcecode.swift; path = OrderHistoryViewModel.swift; sourceTree = "<group>"; };
		2F0FBF43295A0BFD00CB5390 /* ImageCombine.swift */ = {isa = PBXFileReference; lastKnownFileType = sourcecode.swift; path = ImageCombine.swift; sourceTree = "<group>"; };
		2F4D7B4329507FC0002F507B /* .swiftformat */ = {isa = PBXFileReference; fileEncoding = 4; lastKnownFileType = text; path = .swiftformat; sourceTree = SOURCE_ROOT; };
		2F4D7B4429507FC0002F507B /* .gitignore */ = {isa = PBXFileReference; fileEncoding = 4; lastKnownFileType = text; path = .gitignore; sourceTree = SOURCE_ROOT; };
		2F4D7B4529507FC1002F507B /* swiftgen.yml */ = {isa = PBXFileReference; fileEncoding = 4; lastKnownFileType = text.yaml; path = swiftgen.yml; sourceTree = SOURCE_ROOT; };
		2F4D7B4629507FC1002F507B /* .swiftlint.yml */ = {isa = PBXFileReference; fileEncoding = 4; lastKnownFileType = text.yaml; path = .swiftlint.yml; sourceTree = SOURCE_ROOT; };
		2F4D7B4C29508085002F507B /* ConstantsKMM.swift */ = {isa = PBXFileReference; lastKnownFileType = sourcecode.swift; path = ConstantsKMM.swift; sourceTree = "<group>"; };
		2F4D7B5D29508890002F507B /* webpage_error.json */ = {isa = PBXFileReference; fileEncoding = 4; lastKnownFileType = text.json; path = webpage_error.json; sourceTree = "<group>"; };
		2F4D7B5E29508891002F507B /* cart_empty.json */ = {isa = PBXFileReference; fileEncoding = 4; lastKnownFileType = text.json; path = cart_empty.json; sourceTree = "<group>"; };
		2F4D7B5F29508891002F507B /* loading_round.json */ = {isa = PBXFileReference; fileEncoding = 4; lastKnownFileType = text.json; path = loading_round.json; sourceTree = "<group>"; };
		2F4D7B6029508891002F507B /* empty_box_blue.json */ = {isa = PBXFileReference; fileEncoding = 4; lastKnownFileType = text.json; path = empty_box_blue.json; sourceTree = "<group>"; };
		2F4D7B6129508891002F507B /* order_success.json */ = {isa = PBXFileReference; fileEncoding = 4; lastKnownFileType = text.json; path = order_success.json; sourceTree = "<group>"; };
		2F4D7B6229508891002F507B /* cat_sneaking.json */ = {isa = PBXFileReference; fileEncoding = 4; lastKnownFileType = text.json; path = cat_sneaking.json; sourceTree = "<group>"; };
		2F4D7B6329508891002F507B /* block_loader.json */ = {isa = PBXFileReference; fileEncoding = 4; lastKnownFileType = text.json; path = block_loader.json; sourceTree = "<group>"; };
		2F4D7B6429508892002F507B /* cat_playing_animation.json */ = {isa = PBXFileReference; fileEncoding = 4; lastKnownFileType = text.json; path = cat_playing_animation.json; sourceTree = "<group>"; };
		2F4D7B6F29508985002F507B /* ru */ = {isa = PBXFileReference; lastKnownFileType = text.plist.strings; name = ru; path = App.strings; sourceTree = "<group>"; };
		2F4D7B71295089F4002F507B /* Colors.xcassets */ = {isa = PBXFileReference; lastKnownFileType = folder.assetcatalog; path = Colors.xcassets; sourceTree = "<group>"; };
		2F77032929509B6900E3F5EA /* AppStrings.swift */ = {isa = PBXFileReference; fileEncoding = 4; lastKnownFileType = sourcecode.swift; path = AppStrings.swift; sourceTree = "<group>"; };
		2F77032B29509B8500E3F5EA /* GeneratedResources.swift */ = {isa = PBXFileReference; fileEncoding = 4; lastKnownFileType = sourcecode.swift; path = GeneratedResources.swift; sourceTree = "<group>"; };
		2F77032D29509DCC00E3F5EA /* Splash.storyboard */ = {isa = PBXFileReference; lastKnownFileType = file.storyboard; path = Splash.storyboard; sourceTree = "<group>"; };
		2F77033A2950C2C900E3F5EA /* CartScreen.swift */ = {isa = PBXFileReference; lastKnownFileType = sourcecode.swift; path = CartScreen.swift; sourceTree = "<group>"; };
		2F77033C2950C2D900E3F5EA /* ContactScreen.swift */ = {isa = PBXFileReference; lastKnownFileType = sourcecode.swift; path = ContactScreen.swift; sourceTree = "<group>"; };
		2F77033E2950C2FC00E3F5EA /* ContactFormScreen.swift */ = {isa = PBXFileReference; lastKnownFileType = sourcecode.swift; path = ContactFormScreen.swift; sourceTree = "<group>"; };
		2F7703402950C31300E3F5EA /* ExploringTabs.swift */ = {isa = PBXFileReference; lastKnownFileType = sourcecode.swift; path = ExploringTabs.swift; sourceTree = "<group>"; };
		2F7703422950C32B00E3F5EA /* ExploringCategoriesScreen.swift */ = {isa = PBXFileReference; lastKnownFileType = sourcecode.swift; path = ExploringCategoriesScreen.swift; sourceTree = "<group>"; };
		2F7703442950C33C00E3F5EA /* ExploringCollectionsScreen.swift */ = {isa = PBXFileReference; lastKnownFileType = sourcecode.swift; path = ExploringCollectionsScreen.swift; sourceTree = "<group>"; };
		2F7703462950C34E00E3F5EA /* HomeTabs.swift */ = {isa = PBXFileReference; lastKnownFileType = sourcecode.swift; path = HomeTabs.swift; sourceTree = "<group>"; };
		2F7703482950C36200E3F5EA /* HomeScreen.swift */ = {isa = PBXFileReference; lastKnownFileType = sourcecode.swift; path = HomeScreen.swift; sourceTree = "<group>"; };
		2F77034A2950C37A00E3F5EA /* OrderScreen.swift */ = {isa = PBXFileReference; lastKnownFileType = sourcecode.swift; path = OrderScreen.swift; sourceTree = "<group>"; };
		2F77034C2950C38700E3F5EA /* OrderCreateScreen.swift */ = {isa = PBXFileReference; lastKnownFileType = sourcecode.swift; path = OrderCreateScreen.swift; sourceTree = "<group>"; };
		2F77034E2950C39500E3F5EA /* OrderHistoryScreen.swift */ = {isa = PBXFileReference; lastKnownFileType = sourcecode.swift; path = OrderHistoryScreen.swift; sourceTree = "<group>"; };
		2F7703502950C3A400E3F5EA /* OrderSearchScreen.swift */ = {isa = PBXFileReference; lastKnownFileType = sourcecode.swift; path = OrderSearchScreen.swift; sourceTree = "<group>"; };
		2F7703522950C3B400E3F5EA /* ProductScreen.swift */ = {isa = PBXFileReference; lastKnownFileType = sourcecode.swift; path = ProductScreen.swift; sourceTree = "<group>"; };
		2F7703542950C3C200E3F5EA /* ProductsScreen.swift */ = {isa = PBXFileReference; lastKnownFileType = sourcecode.swift; path = ProductsScreen.swift; sourceTree = "<group>"; };
		2F7703592950D69F00E3F5EA /* UIColor.swift */ = {isa = PBXFileReference; lastKnownFileType = sourcecode.swift; path = UIColor.swift; sourceTree = "<group>"; };
		2F77035B2950DB0F00E3F5EA /* Color.swift */ = {isa = PBXFileReference; lastKnownFileType = sourcecode.swift; path = Color.swift; sourceTree = "<group>"; };
		2F77035E2950EFCF00E3F5EA /* ru */ = {isa = PBXFileReference; lastKnownFileType = text.plist.strings; name = ru; path = Exploring.strings; sourceTree = "<group>"; };
		2F7703602950F17400E3F5EA /* ExploringStrings.swift */ = {isa = PBXFileReference; fileEncoding = 4; lastKnownFileType = sourcecode.swift; path = ExploringStrings.swift; sourceTree = "<group>"; };
		2F7703622951132800E3F5EA /* View.swift */ = {isa = PBXFileReference; lastKnownFileType = sourcecode.swift; path = View.swift; sourceTree = "<group>"; };
		2F7703642951186100E3F5EA /* NavigationBackButton.swift */ = {isa = PBXFileReference; lastKnownFileType = sourcecode.swift; path = NavigationBackButton.swift; sourceTree = "<group>"; };
		2F77036629514A6B00E3F5EA /* HiddenModifier.swift */ = {isa = PBXFileReference; lastKnownFileType = sourcecode.swift; path = HiddenModifier.swift; sourceTree = "<group>"; };
		2F7703682951C5F400E3F5EA /* LottieView.swift */ = {isa = PBXFileReference; lastKnownFileType = sourcecode.swift; path = LottieView.swift; sourceTree = "<group>"; };
		2F77036B29525C9300E3F5EA /* CatPlayingAnimation.swift */ = {isa = PBXFileReference; lastKnownFileType = sourcecode.swift; path = CatPlayingAnimation.swift; sourceTree = "<group>"; };
		2F77036D29525CA100E3F5EA /* CatSneakingAnimation.swift */ = {isa = PBXFileReference; lastKnownFileType = sourcecode.swift; path = CatSneakingAnimation.swift; sourceTree = "<group>"; };
		2F77036F29525CAF00E3F5EA /* EmptyBoxAnimation.swift */ = {isa = PBXFileReference; lastKnownFileType = sourcecode.swift; path = EmptyBoxAnimation.swift; sourceTree = "<group>"; };
		2F77037129525CBC00E3F5EA /* EmptyCartAnimation.swift */ = {isa = PBXFileReference; lastKnownFileType = sourcecode.swift; path = EmptyCartAnimation.swift; sourceTree = "<group>"; };
		2F77037329525CCB00E3F5EA /* ErrorAnimation.swift */ = {isa = PBXFileReference; lastKnownFileType = sourcecode.swift; path = ErrorAnimation.swift; sourceTree = "<group>"; };
		2F77037529525CD800E3F5EA /* LoadingAnimation.swift */ = {isa = PBXFileReference; lastKnownFileType = sourcecode.swift; path = LoadingAnimation.swift; sourceTree = "<group>"; };
		2F77037729525CE400E3F5EA /* SuccessCartAnimation.swift */ = {isa = PBXFileReference; lastKnownFileType = sourcecode.swift; path = SuccessCartAnimation.swift; sourceTree = "<group>"; };
		2F77037A29526B5000E3F5EA /* EmptyBody.swift */ = {isa = PBXFileReference; lastKnownFileType = sourcecode.swift; path = EmptyBody.swift; sourceTree = "<group>"; };
		2F77037C29526B5D00E3F5EA /* EmptyCartBody.swift */ = {isa = PBXFileReference; lastKnownFileType = sourcecode.swift; path = EmptyCartBody.swift; sourceTree = "<group>"; };
		2F77037E29526B6900E3F5EA /* ErrorBody.swift */ = {isa = PBXFileReference; lastKnownFileType = sourcecode.swift; path = ErrorBody.swift; sourceTree = "<group>"; };
		2F77038029526B7500E3F5EA /* LoadingBody.swift */ = {isa = PBXFileReference; lastKnownFileType = sourcecode.swift; path = LoadingBody.swift; sourceTree = "<group>"; };
		2F77038229526B8200E3F5EA /* SuccessCartBody.swift */ = {isa = PBXFileReference; lastKnownFileType = sourcecode.swift; path = SuccessCartBody.swift; sourceTree = "<group>"; };
		2F77038529526CAC00E3F5EA /* AppText.swift */ = {isa = PBXFileReference; lastKnownFileType = sourcecode.swift; path = AppText.swift; sourceTree = "<group>"; };
		2F7703872952732200E3F5EA /* Typography.swift */ = {isa = PBXFileReference; lastKnownFileType = sourcecode.swift; path = Typography.swift; sourceTree = "<group>"; };
		2F77038A29527BC100E3F5EA /* BottonStyle.swift */ = {isa = PBXFileReference; lastKnownFileType = sourcecode.swift; path = BottonStyle.swift; sourceTree = "<group>"; };
		2F77038C29527BD700E3F5EA /* ButtonOutlineStyle.swift */ = {isa = PBXFileReference; lastKnownFileType = sourcecode.swift; path = ButtonOutlineStyle.swift; sourceTree = "<group>"; };
		2F77038F295282E000E3F5EA /* ru */ = {isa = PBXFileReference; lastKnownFileType = text.plist.strings; name = ru; path = Cart.strings; sourceTree = "<group>"; };
		2F770392295282F000E3F5EA /* ru */ = {isa = PBXFileReference; lastKnownFileType = text.plist.strings; name = ru; path = Contact.strings; sourceTree = "<group>"; };
		2F7703952952830100E3F5EA /* ru */ = {isa = PBXFileReference; lastKnownFileType = text.plist.strings; name = ru; path = ContactForm.strings; sourceTree = "<group>"; };
		2F7703982952832000E3F5EA /* ru */ = {isa = PBXFileReference; lastKnownFileType = text.plist.strings; name = ru; path = Home.strings; sourceTree = "<group>"; };
		2F77039B2952833500E3F5EA /* ru */ = {isa = PBXFileReference; lastKnownFileType = text.plist.strings; name = ru; path = Order.strings; sourceTree = "<group>"; };
		2F77039E2952834700E3F5EA /* ru */ = {isa = PBXFileReference; lastKnownFileType = text.plist.strings; name = ru; path = OrderCreate.strings; sourceTree = "<group>"; };
		2F7703A12952836400E3F5EA /* ru */ = {isa = PBXFileReference; lastKnownFileType = text.plist.strings; name = ru; path = OrderHistory.strings; sourceTree = "<group>"; };
		2F7703A42952837600E3F5EA /* ru */ = {isa = PBXFileReference; lastKnownFileType = text.plist.strings; name = ru; path = OrderSearch.strings; sourceTree = "<group>"; };
		2F7703A72952838A00E3F5EA /* ru */ = {isa = PBXFileReference; lastKnownFileType = text.plist.strings; name = ru; path = Product.strings; sourceTree = "<group>"; };
		2F7703AA2952839C00E3F5EA /* ru */ = {isa = PBXFileReference; lastKnownFileType = text.plist.strings; name = ru; path = Products.strings; sourceTree = "<group>"; };
		2F7703AC2952851700E3F5EA /* OrderCreateStrings.swift */ = {isa = PBXFileReference; fileEncoding = 4; lastKnownFileType = sourcecode.swift; path = OrderCreateStrings.swift; sourceTree = "<group>"; };
		2F7703AD2952851700E3F5EA /* ContactStrings.swift */ = {isa = PBXFileReference; fileEncoding = 4; lastKnownFileType = sourcecode.swift; path = ContactStrings.swift; sourceTree = "<group>"; };
		2F7703AE2952851700E3F5EA /* HomeStrings.swift */ = {isa = PBXFileReference; fileEncoding = 4; lastKnownFileType = sourcecode.swift; path = HomeStrings.swift; sourceTree = "<group>"; };
		2F7703AF2952851700E3F5EA /* OrderHistoryStrings.swift */ = {isa = PBXFileReference; fileEncoding = 4; lastKnownFileType = sourcecode.swift; path = OrderHistoryStrings.swift; sourceTree = "<group>"; };
		2F7703B02952851700E3F5EA /* ContactFormStrings.swift */ = {isa = PBXFileReference; fileEncoding = 4; lastKnownFileType = sourcecode.swift; path = ContactFormStrings.swift; sourceTree = "<group>"; };
		2F7703B12952851700E3F5EA /* OrderSearchStrings.swift */ = {isa = PBXFileReference; fileEncoding = 4; lastKnownFileType = sourcecode.swift; path = OrderSearchStrings.swift; sourceTree = "<group>"; };
		2F7703B22952851700E3F5EA /* OrderStrings.swift */ = {isa = PBXFileReference; fileEncoding = 4; lastKnownFileType = sourcecode.swift; path = OrderStrings.swift; sourceTree = "<group>"; };
		2F7703B32952851700E3F5EA /* ProductsStrings.swift */ = {isa = PBXFileReference; fileEncoding = 4; lastKnownFileType = sourcecode.swift; path = ProductsStrings.swift; sourceTree = "<group>"; };
		2F7703B42952851700E3F5EA /* ProductStrings.swift */ = {isa = PBXFileReference; fileEncoding = 4; lastKnownFileType = sourcecode.swift; path = ProductStrings.swift; sourceTree = "<group>"; };
		2F7703B52952851700E3F5EA /* CartStrings.swift */ = {isa = PBXFileReference; fileEncoding = 4; lastKnownFileType = sourcecode.swift; path = CartStrings.swift; sourceTree = "<group>"; };
		2F7703C02952992A00E3F5EA /* NavObservable.swift */ = {isa = PBXFileReference; lastKnownFileType = sourcecode.swift; path = NavObservable.swift; sourceTree = "<group>"; };
		2F7703C22952993600E3F5EA /* NavScreens.swift */ = {isa = PBXFileReference; lastKnownFileType = sourcecode.swift; path = NavScreens.swift; sourceTree = "<group>"; };
		2F7703CF29529B9A00E3F5EA /* InfoBlock.swift */ = {isa = PBXFileReference; lastKnownFileType = sourcecode.swift; path = InfoBlock.swift; sourceTree = "<group>"; };
		2F7703D229529ED500E3F5EA /* Shapes.swift */ = {isa = PBXFileReference; lastKnownFileType = sourcecode.swift; path = Shapes.swift; sourceTree = "<group>"; };
		2F7703D42952A22900E3F5EA /* ButtonStyleSize.swift */ = {isa = PBXFileReference; lastKnownFileType = sourcecode.swift; path = ButtonStyleSize.swift; sourceTree = "<group>"; };
		2F7703D62952A90000E3F5EA /* CategoriesBlock.swift */ = {isa = PBXFileReference; lastKnownFileType = sourcecode.swift; path = CategoriesBlock.swift; sourceTree = "<group>"; };
		2F7703D82952B30900E3F5EA /* CategoryItemBlock.swift */ = {isa = PBXFileReference; lastKnownFileType = sourcecode.swift; path = CategoryItemBlock.swift; sourceTree = "<group>"; };
		2F7703DA2952FE0800E3F5EA /* ContactEmailBlock.swift */ = {isa = PBXFileReference; lastKnownFileType = sourcecode.swift; path = ContactEmailBlock.swift; sourceTree = "<group>"; };
		2F7703DC2952FE1C00E3F5EA /* ContactPhoneBlock.swift */ = {isa = PBXFileReference; lastKnownFileType = sourcecode.swift; path = ContactPhoneBlock.swift; sourceTree = "<group>"; };
		2F7703DE2952FE2E00E3F5EA /* ContactMessageBlock.swift */ = {isa = PBXFileReference; lastKnownFileType = sourcecode.swift; path = ContactMessageBlock.swift; sourceTree = "<group>"; };
		2F7703E02952FE3B00E3F5EA /* ContactAddressBlock.swift */ = {isa = PBXFileReference; lastKnownFileType = sourcecode.swift; path = ContactAddressBlock.swift; sourceTree = "<group>"; };
		2F7703E22952FE4600E3F5EA /* ContactMapBlock.swift */ = {isa = PBXFileReference; lastKnownFileType = sourcecode.swift; path = ContactMapBlock.swift; sourceTree = "<group>"; };
		2F7703E429532F9100E3F5EA /* WebView.swift */ = {isa = PBXFileReference; lastKnownFileType = sourcecode.swift; path = WebView.swift; sourceTree = "<group>"; };
		2F8AE2A1295A4025005BC2D2 /* OrderProductItem.swift */ = {isa = PBXFileReference; lastKnownFileType = sourcecode.swift; path = OrderProductItem.swift; sourceTree = "<group>"; };
		2F8AE2A3295A5984005BC2D2 /* CategoryRealm.swift */ = {isa = PBXFileReference; lastKnownFileType = sourcecode.swift; path = CategoryRealm.swift; sourceTree = "<group>"; };
		2F8AE2A5295A5B02005BC2D2 /* CollectionRealm.swift */ = {isa = PBXFileReference; lastKnownFileType = sourcecode.swift; path = CollectionRealm.swift; sourceTree = "<group>"; };
		2FB4D21E29584B240065549C /* HomeViewModel.swift */ = {isa = PBXFileReference; lastKnownFileType = sourcecode.swift; path = HomeViewModel.swift; sourceTree = "<group>"; };
		2FB4D221295852680065549C /* SplashScreen.swift */ = {isa = PBXFileReference; lastKnownFileType = sourcecode.swift; path = SplashScreen.swift; sourceTree = "<group>"; };
		2FB4D2232958541A0065549C /* SplashViewModel.swift */ = {isa = PBXFileReference; lastKnownFileType = sourcecode.swift; path = SplashViewModel.swift; sourceTree = "<group>"; };
		2FB4D225295865A70065549C /* AppObservable.swift */ = {isa = PBXFileReference; lastKnownFileType = sourcecode.swift; path = AppObservable.swift; sourceTree = "<group>"; };
		2FB4D227295867340065549C /* TabsHome.swift */ = {isa = PBXFileReference; lastKnownFileType = sourcecode.swift; path = TabsHome.swift; sourceTree = "<group>"; };
		2FB4D2292958683B0065549C /* TabsExploring.swift */ = {isa = PBXFileReference; lastKnownFileType = sourcecode.swift; path = TabsExploring.swift; sourceTree = "<group>"; };
		2FB4D22B29586C3B0065549C /* ProductViewModel.swift */ = {isa = PBXFileReference; lastKnownFileType = sourcecode.swift; path = ProductViewModel.swift; sourceTree = "<group>"; };
		2FB7EEA0295587BD007AC7F1 /* ExploringCategoriesViewModel.swift */ = {isa = PBXFileReference; lastKnownFileType = sourcecode.swift; path = ExploringCategoriesViewModel.swift; sourceTree = "<group>"; };
		2FB7EEA2295587EC007AC7F1 /* ExploringCollectionsViewModel.swift */ = {isa = PBXFileReference; lastKnownFileType = sourcecode.swift; path = ExploringCollectionsViewModel.swift; sourceTree = "<group>"; };
		2FB7EEA4295592BB007AC7F1 /* CategoryItem.swift */ = {isa = PBXFileReference; lastKnownFileType = sourcecode.swift; path = CategoryItem.swift; sourceTree = "<group>"; };
		2FB7EEA6295592C6007AC7F1 /* CollectionItem.swift */ = {isa = PBXFileReference; lastKnownFileType = sourcecode.swift; path = CollectionItem.swift; sourceTree = "<group>"; };
		2FB7EEA8295596B3007AC7F1 /* ClickModifier.swift */ = {isa = PBXFileReference; lastKnownFileType = sourcecode.swift; path = ClickModifier.swift; sourceTree = "<group>"; };
		2FB7EEAB2955BA78007AC7F1 /* ImageDefault.swift */ = {isa = PBXFileReference; lastKnownFileType = sourcecode.swift; path = ImageDefault.swift; sourceTree = "<group>"; };
		2FB7EEAF2955D705007AC7F1 /* SVGImgProcessor.swift */ = {isa = PBXFileReference; lastKnownFileType = sourcecode.swift; path = SVGImgProcessor.swift; sourceTree = "<group>"; };
		2FB7EEB12955DE70007AC7F1 /* SVGKImage.swift */ = {isa = PBXFileReference; lastKnownFileType = sourcecode.swift; path = SVGKImage.swift; sourceTree = "<group>"; };
		2FB7EEB329560C98007AC7F1 /* ContactFormViewModel.swift */ = {isa = PBXFileReference; lastKnownFileType = sourcecode.swift; path = ContactFormViewModel.swift; sourceTree = "<group>"; };
		2FB7EEB529561632007AC7F1 /* Error.swift */ = {isa = PBXFileReference; lastKnownFileType = sourcecode.swift; path = Error.swift; sourceTree = "<group>"; };
		2FB7EEBB295625D7007AC7F1 /* ErrorResponse.swift */ = {isa = PBXFileReference; lastKnownFileType = sourcecode.swift; path = ErrorResponse.swift; sourceTree = "<group>"; };
		2FCDA78E29570902004EA471 /* OrderCreateViewModel.swift */ = {isa = PBXFileReference; lastKnownFileType = sourcecode.swift; path = OrderCreateViewModel.swift; sourceTree = "<group>"; };
		2FCDA7902957134C004EA471 /* ProductsViewModel.swift */ = {isa = PBXFileReference; lastKnownFileType = sourcecode.swift; path = ProductsViewModel.swift; sourceTree = "<group>"; };
		2FCDA7922957551D004EA471 /* ProductItem.swift */ = {isa = PBXFileReference; lastKnownFileType = sourcecode.swift; path = ProductItem.swift; sourceTree = "<group>"; };
		2FCDA79429575822004EA471 /* KotlinArray.swift */ = {isa = PBXFileReference; lastKnownFileType = sourcecode.swift; path = KotlinArray.swift; sourceTree = "<group>"; };
		2FCDA7972957B1E2004EA471 /* NavEnvironment.swift */ = {isa = PBXFileReference; lastKnownFileType = sourcecode.swift; path = NavEnvironment.swift; sourceTree = "<group>"; };
		2FCDA7992957B219004EA471 /* NavDiscover.swift */ = {isa = PBXFileReference; lastKnownFileType = sourcecode.swift; path = NavDiscover.swift; sourceTree = "<group>"; };
		2FE8A6B6295363EA002B1087 /* AppForm.swift */ = {isa = PBXFileReference; lastKnownFileType = sourcecode.swift; path = AppForm.swift; sourceTree = "<group>"; };
		2FE8A6B8295363FA002B1087 /* AppFieldText.swift */ = {isa = PBXFileReference; lastKnownFileType = sourcecode.swift; path = AppFieldText.swift; sourceTree = "<group>"; };
		2FE8A6BF29536456002B1087 /* FnameField.swift */ = {isa = PBXFileReference; lastKnownFileType = sourcecode.swift; path = FnameField.swift; sourceTree = "<group>"; };
		2FE8A6C2295365AC002B1087 /* ru */ = {isa = PBXFileReference; lastKnownFileType = text.plist.strings; name = ru; path = FormFields.strings; sourceTree = "<group>"; };
		2FE8A6C42953668A002B1087 /* FieldsProtocol.swift */ = {isa = PBXFileReference; lastKnownFileType = sourcecode.swift; path = FieldsProtocol.swift; sourceTree = "<group>"; };
		2FE8A6C6295366C4002B1087 /* FormFieldsStrings.swift */ = {isa = PBXFileReference; fileEncoding = 4; lastKnownFileType = sourcecode.swift; path = FormFieldsStrings.swift; sourceTree = "<group>"; };
		2FE8A6C829536AEE002B1087 /* LnameOptionalField.swift */ = {isa = PBXFileReference; lastKnownFileType = sourcecode.swift; path = LnameOptionalField.swift; sourceTree = "<group>"; };
		2FE8A6CA29536AFD002B1087 /* PhoneField.swift */ = {isa = PBXFileReference; lastKnownFileType = sourcecode.swift; path = PhoneField.swift; sourceTree = "<group>"; };
		2FE8A6CC29536B1A002B1087 /* EmailField.swift */ = {isa = PBXFileReference; lastKnownFileType = sourcecode.swift; path = EmailField.swift; sourceTree = "<group>"; };
		2FE8A6CE29536B2D002B1087 /* MessageField.swift */ = {isa = PBXFileReference; lastKnownFileType = sourcecode.swift; path = MessageField.swift; sourceTree = "<group>"; };
		2FE8A6D029536B5A002B1087 /* PhoneOptionalField.swift */ = {isa = PBXFileReference; lastKnownFileType = sourcecode.swift; path = PhoneOptionalField.swift; sourceTree = "<group>"; };
		2FE8A6D229536B6E002B1087 /* EmailOptionalField.swift */ = {isa = PBXFileReference; lastKnownFileType = sourcecode.swift; path = EmailOptionalField.swift; sourceTree = "<group>"; };
		2FE8A6D429537866002B1087 /* AddressOptionalField.swift */ = {isa = PBXFileReference; lastKnownFileType = sourcecode.swift; path = AddressOptionalField.swift; sourceTree = "<group>"; };
		2FF357FE295486AF0001B89A /* AppSection.swift */ = {isa = PBXFileReference; lastKnownFileType = sourcecode.swift; path = AppSection.swift; sourceTree = "<group>"; };
		2FF35800295499960001B89A /* AppScrollView.swift */ = {isa = PBXFileReference; lastKnownFileType = sourcecode.swift; path = AppScrollView.swift; sourceTree = "<group>"; };
		2FF358032954AAE60001B89A /* OrderNumberField.swift */ = {isa = PBXFileReference; lastKnownFileType = sourcecode.swift; path = OrderNumberField.swift; sourceTree = "<group>"; };
		2FF358052954AD480001B89A /* String.swift */ = {isa = PBXFileReference; lastKnownFileType = sourcecode.swift; path = String.swift; sourceTree = "<group>"; };
		2FF358072954DCB00001B89A /* OrderViewModel.swift */ = {isa = PBXFileReference; lastKnownFileType = sourcecode.swift; path = OrderViewModel.swift; sourceTree = "<group>"; };
		2FF3580A2954E4FC0001B89A /* CategoryRequests.swift */ = {isa = PBXFileReference; lastKnownFileType = sourcecode.swift; path = CategoryRequests.swift; sourceTree = "<group>"; };
		2FF3580C2954E5080001B89A /* CollectionRequests.swift */ = {isa = PBXFileReference; lastKnownFileType = sourcecode.swift; path = CollectionRequests.swift; sourceTree = "<group>"; };
		2FF3580E2954E53D0001B89A /* OtherRequests.swift */ = {isa = PBXFileReference; lastKnownFileType = sourcecode.swift; path = OtherRequests.swift; sourceTree = "<group>"; };
		2FF358102954E5530001B89A /* MessageRequests.swift */ = {isa = PBXFileReference; lastKnownFileType = sourcecode.swift; path = MessageRequests.swift; sourceTree = "<group>"; };
		2FF358122954E5650001B89A /* OrderRequests.swift */ = {isa = PBXFileReference; lastKnownFileType = sourcecode.swift; path = OrderRequests.swift; sourceTree = "<group>"; };
		2FF358142954E5760001B89A /* ProductRequests.swift */ = {isa = PBXFileReference; lastKnownFileType = sourcecode.swift; path = ProductRequests.swift; sourceTree = "<group>"; };
		2FF358162954E7B10001B89A /* ResponseDefaultError.swift */ = {isa = PBXFileReference; lastKnownFileType = sourcecode.swift; path = ResponseDefaultError.swift; sourceTree = "<group>"; };
		2FF358182954E8EF0001B89A /* Int.swift */ = {isa = PBXFileReference; lastKnownFileType = sourcecode.swift; path = Int.swift; sourceTree = "<group>"; };
		40B8B3B5D7D2B47B960F131E /* Pods-iosApp.release.xcconfig */ = {isa = PBXFileReference; includeInIndex = 1; lastKnownFileType = text.xcconfig; name = "Pods-iosApp.release.xcconfig"; path = "Target Support Files/Pods-iosApp/Pods-iosApp.release.xcconfig"; sourceTree = "<group>"; };
		43127F3DFF2025B4835A7BC8 /* Pods-MyShop.release.xcconfig */ = {isa = PBXFileReference; includeInIndex = 1; lastKnownFileType = text.xcconfig; name = "Pods-MyShop.release.xcconfig"; path = "Target Support Files/Pods-MyShop/Pods-MyShop.release.xcconfig"; sourceTree = "<group>"; };
		46A5FF364498B84FA4E0FEC6 /* Pods-MyShop.debug.xcconfig */ = {isa = PBXFileReference; includeInIndex = 1; lastKnownFileType = text.xcconfig; name = "Pods-MyShop.debug.xcconfig"; path = "Target Support Files/Pods-MyShop/Pods-MyShop.debug.xcconfig"; sourceTree = "<group>"; };
		65622B2167D68703FC48D906 /* Pods-YouShop.release.xcconfig */ = {isa = PBXFileReference; includeInIndex = 1; lastKnownFileType = text.xcconfig; name = "Pods-YouShop.release.xcconfig"; path = "Target Support Files/Pods-YouShop/Pods-YouShop.release.xcconfig"; sourceTree = "<group>"; };
		7555FF7B242A565900829871 /* YouShop.app */ = {isa = PBXFileReference; explicitFileType = wrapper.application; includeInIndex = 0; path = YouShop.app; sourceTree = BUILT_PRODUCTS_DIR; };
		7555FF8C242A565B00829871 /* Info.plist */ = {isa = PBXFileReference; lastKnownFileType = text.plist.xml; path = Info.plist; sourceTree = "<group>"; };
		8E6218CB093B64D4D5599972 /* Pods-YouShop.debug.xcconfig */ = {isa = PBXFileReference; includeInIndex = 1; lastKnownFileType = text.xcconfig; name = "Pods-YouShop.debug.xcconfig"; path = "Target Support Files/Pods-YouShop/Pods-YouShop.debug.xcconfig"; sourceTree = "<group>"; };
		93DE91E9561A4D89B8EA3A66 /* Pods_YouShop.framework */ = {isa = PBXFileReference; explicitFileType = wrapper.framework; includeInIndex = 0; path = Pods_YouShop.framework; sourceTree = BUILT_PRODUCTS_DIR; };
		EDCC6CA78BA914ED0495507A /* Pods-iosApp.debug.xcconfig */ = {isa = PBXFileReference; includeInIndex = 1; lastKnownFileType = text.xcconfig; name = "Pods-iosApp.debug.xcconfig"; path = "Target Support Files/Pods-iosApp/Pods-iosApp.debug.xcconfig"; sourceTree = "<group>"; };
/* End PBXFileReference section */

/* Begin PBXFrameworksBuildPhase section */
		F06E2A2C8B54B65E9E326754 /* Frameworks */ = {
			isa = PBXFrameworksBuildPhase;
			buildActionMask = 2147483647;
			files = (
				D61505A8714DF2F0D13FD4DF /* Pods_YouShop.framework in Frameworks */,
			);
			runOnlyForDeploymentPostprocessing = 0;
		};
/* End PBXFrameworksBuildPhase section */

/* Begin PBXGroup section */
		2F0FBF3C2959FB3A00CB5390 /* Data */ = {
			isa = PBXGroup;
			children = (
				2F0FBF3D2959FB5700CB5390 /* OrderHistoryRealm.swift */,
				2F8AE2A3295A5984005BC2D2 /* CategoryRealm.swift */,
				2F8AE2A5295A5B02005BC2D2 /* CollectionRealm.swift */,
			);
			path = Data;
			sourceTree = "<group>";
		};
		2F4D7B42295079A3002F507B /* System */ = {
			isa = PBXGroup;
			children = (
				2F4D7B4429507FC0002F507B /* .gitignore */,
				2F4D7B4329507FC0002F507B /* .swiftformat */,
				2F4D7B4629507FC1002F507B /* .swiftlint.yml */,
				2F4D7B4529507FC1002F507B /* swiftgen.yml */,
			);
			path = System;
			sourceTree = "<group>";
		};
		2F4D7B4B2950804E002F507B /* Utility */ = {
			isa = PBXGroup;
			children = (
				2F4D7B4C29508085002F507B /* ConstantsKMM.swift */,
			);
			path = Utility;
			sourceTree = "<group>";
		};
		2F4D7B4E295080B8002F507B /* Generated */ = {
			isa = PBXGroup;
			children = (
				2F4D7B50295080D3002F507B /* Strings */,
				2F4D7B4F295080C7002F507B /* Resources */,
			);
			path = Generated;
			sourceTree = "<group>";
		};
		2F4D7B4F295080C7002F507B /* Resources */ = {
			isa = PBXGroup;
			children = (
				2F77032B29509B8500E3F5EA /* GeneratedResources.swift */,
			);
			path = Resources;
			sourceTree = "<group>";
		};
		2F4D7B50295080D3002F507B /* Strings */ = {
			isa = PBXGroup;
			children = (
				2FE8A6C6295366C4002B1087 /* FormFieldsStrings.swift */,
				2F7703B52952851700E3F5EA /* CartStrings.swift */,
				2F7703B02952851700E3F5EA /* ContactFormStrings.swift */,
				2F7703AD2952851700E3F5EA /* ContactStrings.swift */,
				2F7703AE2952851700E3F5EA /* HomeStrings.swift */,
				2F7703AC2952851700E3F5EA /* OrderCreateStrings.swift */,
				2F7703AF2952851700E3F5EA /* OrderHistoryStrings.swift */,
				2F7703B12952851700E3F5EA /* OrderSearchStrings.swift */,
				2F7703B22952851700E3F5EA /* OrderStrings.swift */,
				2F7703B32952851700E3F5EA /* ProductsStrings.swift */,
				2F7703B42952851700E3F5EA /* ProductStrings.swift */,
				2F7703602950F17400E3F5EA /* ExploringStrings.swift */,
				2F77032929509B6900E3F5EA /* AppStrings.swift */,
			);
			path = Strings;
			sourceTree = "<group>";
		};
		2F4D7B5129508112002F507B /* Components */ = {
			isa = PBXGroup;
			children = (
				2FF3580229549B5A0001B89A /* Base */,
				2FE8A6B5295363DA002B1087 /* Forms */,
				2F77038929527BAB00E3F5EA /* Buttons */,
				2F77038429526C8400E3F5EA /* Texts */,
				2FB7EEAA2955BA5C007AC7F1 /* Images */,
				2F77037929526B3C00E3F5EA /* States */,
				2F77036A29525C4E00E3F5EA /* Lottie */,
				2F7703D129529EA300E3F5EA /* Utils */,
			);
			path = Components;
			sourceTree = "<group>";
		};
		2F4D7B52295082DA002F507B /* Base */ = {
			isa = PBXGroup;
			children = (
				2F7703682951C5F400E3F5EA /* LottieView.swift */,
				2FF358162954E7B10001B89A /* ResponseDefaultError.swift */,
				2FB7EEBB295625D7007AC7F1 /* ErrorResponse.swift */,
				2FB4D225295865A70065549C /* AppObservable.swift */,
				2F0FBF2E2959B6EC00CB5390 /* CartObservable.swift */,
			);
			path = Base;
			sourceTree = "<group>";
		};
		2F4D7B5329508307002F507B /* UI */ = {
			isa = PBXGroup;
			children = (
				2FB4D220295852500065549C /* splash */,
				2F77032F2950C23600E3F5EA /* cart */,
				2F7703392950C28400E3F5EA /* contact */,
				2F7703382950C27D00E3F5EA /* contactForm */,
				2F7703372950C27700E3F5EA /* exploring */,
				2F7703362950C27100E3F5EA /* home */,
				2F7703352950C26C00E3F5EA /* order */,
				2F7703342950C26600E3F5EA /* orderCreate */,
				2F7703332950C25C00E3F5EA /* orderHistory */,
				2F7703322950C25500E3F5EA /* orderSearch */,
				2F7703312950C24B00E3F5EA /* product */,
				2F7703302950C24400E3F5EA /* products */,
			);
			path = UI;
			sourceTree = "<group>";
		};
		2F4D7B54295083F6002F507B /* NetworkServices */ = {
			isa = PBXGroup;
			children = (
				2FF3580A2954E4FC0001B89A /* CategoryRequests.swift */,
				2FF3580C2954E5080001B89A /* CollectionRequests.swift */,
				2FF358102954E5530001B89A /* MessageRequests.swift */,
				2FF358122954E5650001B89A /* OrderRequests.swift */,
				2FF358142954E5760001B89A /* ProductRequests.swift */,
				2FF3580E2954E53D0001B89A /* OtherRequests.swift */,
			);
			path = NetworkServices;
			sourceTree = "<group>";
		};
		2F4D7B572950869A002F507B /* Resources */ = {
			isa = PBXGroup;
			children = (
				2F4D7B5C295086E2002F507B /* Lottie */,
				2F4D7B5B295086D6002F507B /* Colors */,
				2F4D7B5A295086CC002F507B /* Strings */,
				2F4D7B59295086C3002F507B /* Images */,
				2F4D7B58295086B7002F507B /* Storyboard */,
			);
			path = Resources;
			sourceTree = "<group>";
		};
		2F4D7B58295086B7002F507B /* Storyboard */ = {
			isa = PBXGroup;
			children = (
				2F77032D29509DCC00E3F5EA /* Splash.storyboard */,
			);
			path = Storyboard;
			sourceTree = "<group>";
		};
		2F4D7B59295086C3002F507B /* Images */ = {
			isa = PBXGroup;
			children = (
				058557BA273AAA24004C7B11 /* Assets.xcassets */,
			);
			path = Images;
			sourceTree = "<group>";
		};
		2F4D7B5A295086CC002F507B /* Strings */ = {
			isa = PBXGroup;
			children = (
				2F4D7B6D29508959002F507B /* ru.lproj */,
			);
			path = Strings;
			sourceTree = "<group>";
		};
		2F4D7B5B295086D6002F507B /* Colors */ = {
			isa = PBXGroup;
			children = (
				2F4D7B71295089F4002F507B /* Colors.xcassets */,
			);
			path = Colors;
			sourceTree = "<group>";
		};
		2F4D7B5C295086E2002F507B /* Lottie */ = {
			isa = PBXGroup;
			children = (
				2F4D7B6329508891002F507B /* block_loader.json */,
				2F4D7B5E29508891002F507B /* cart_empty.json */,
				2F4D7B6429508892002F507B /* cat_playing_animation.json */,
				2F4D7B6229508891002F507B /* cat_sneaking.json */,
				2F4D7B6029508891002F507B /* empty_box_blue.json */,
				2F4D7B5F29508891002F507B /* loading_round.json */,
				2F4D7B6129508891002F507B /* order_success.json */,
				2F4D7B5D29508890002F507B /* webpage_error.json */,
			);
			path = Lottie;
			sourceTree = "<group>";
		};
		2F4D7B6D29508959002F507B /* ru.lproj */ = {
			isa = PBXGroup;
			children = (
				2F4D7B6E29508985002F507B /* App.strings */,
				2F77035D2950EFCF00E3F5EA /* Exploring.strings */,
				2F77038E295282E000E3F5EA /* Cart.strings */,
				2F770391295282F000E3F5EA /* Contact.strings */,
				2F7703942952830100E3F5EA /* ContactForm.strings */,
				2F7703972952832000E3F5EA /* Home.strings */,
				2F77039A2952833500E3F5EA /* Order.strings */,
				2F77039D2952834700E3F5EA /* OrderCreate.strings */,
				2F7703A02952836400E3F5EA /* OrderHistory.strings */,
				2F7703A32952837600E3F5EA /* OrderSearch.strings */,
				2F7703A62952838A00E3F5EA /* Product.strings */,
				2F7703A92952839C00E3F5EA /* Products.strings */,
				2FE8A6C1295365AC002B1087 /* FormFields.strings */,
			);
			path = ru.lproj;
			sourceTree = "<group>";
		};
		2F77032F2950C23600E3F5EA /* cart */ = {
			isa = PBXGroup;
			children = (
				2F7703C529529B0600E3F5EA /* elements */,
				2F77033A2950C2C900E3F5EA /* CartScreen.swift */,
				2F0FBF302959BF7700CB5390 /* CartViewModel.swift */,
			);
			path = cart;
			sourceTree = "<group>";
		};
		2F7703302950C24400E3F5EA /* products */ = {
			isa = PBXGroup;
			children = (
				2F7703CE29529B4600E3F5EA /* elements */,
				2F7703542950C3C200E3F5EA /* ProductsScreen.swift */,
				2FCDA7902957134C004EA471 /* ProductsViewModel.swift */,
			);
			path = products;
			sourceTree = "<group>";
		};
		2F7703312950C24B00E3F5EA /* product */ = {
			isa = PBXGroup;
			children = (
				2F7703CD29529B4100E3F5EA /* elements */,
				2F7703522950C3B400E3F5EA /* ProductScreen.swift */,
				2FB4D22B29586C3B0065549C /* ProductViewModel.swift */,
			);
			path = product;
			sourceTree = "<group>";
		};
		2F7703322950C25500E3F5EA /* orderSearch */ = {
			isa = PBXGroup;
			children = (
				2F7703502950C3A400E3F5EA /* OrderSearchScreen.swift */,
			);
			path = orderSearch;
			sourceTree = "<group>";
		};
		2F7703332950C25C00E3F5EA /* orderHistory */ = {
			isa = PBXGroup;
			children = (
				2F7703CB29529B3500E3F5EA /* elements */,
				2F77034E2950C39500E3F5EA /* OrderHistoryScreen.swift */,
				2F0FBF41295A044000CB5390 /* OrderHistoryViewModel.swift */,
			);
			path = orderHistory;
			sourceTree = "<group>";
		};
		2F7703342950C26600E3F5EA /* orderCreate */ = {
			isa = PBXGroup;
			children = (
				2F77034C2950C38700E3F5EA /* OrderCreateScreen.swift */,
				2FCDA78E29570902004EA471 /* OrderCreateViewModel.swift */,
			);
			path = orderCreate;
			sourceTree = "<group>";
		};
		2F7703352950C26C00E3F5EA /* order */ = {
			isa = PBXGroup;
			children = (
				2F7703C929529B2400E3F5EA /* elements */,
				2F77034A2950C37A00E3F5EA /* OrderScreen.swift */,
				2FF358072954DCB00001B89A /* OrderViewModel.swift */,
			);
			path = order;
			sourceTree = "<group>";
		};
		2F7703362950C27100E3F5EA /* home */ = {
			isa = PBXGroup;
			children = (
				2F7703C429529AE200E3F5EA /* elements */,
				2F7703462950C34E00E3F5EA /* HomeTabs.swift */,
				2F7703482950C36200E3F5EA /* HomeScreen.swift */,
				2FB4D21E29584B240065549C /* HomeViewModel.swift */,
			);
			path = home;
			sourceTree = "<group>";
		};
		2F7703372950C27700E3F5EA /* exploring */ = {
			isa = PBXGroup;
			children = (
				2F7703C829529B1B00E3F5EA /* elements */,
				2F7703402950C31300E3F5EA /* ExploringTabs.swift */,
				2F7703422950C32B00E3F5EA /* ExploringCategoriesScreen.swift */,
				2F7703442950C33C00E3F5EA /* ExploringCollectionsScreen.swift */,
				2FB7EEA0295587BD007AC7F1 /* ExploringCategoriesViewModel.swift */,
				2FB7EEA2295587EC007AC7F1 /* ExploringCollectionsViewModel.swift */,
			);
			path = exploring;
			sourceTree = "<group>";
		};
		2F7703382950C27D00E3F5EA /* contactForm */ = {
			isa = PBXGroup;
			children = (
				2F77033E2950C2FC00E3F5EA /* ContactFormScreen.swift */,
				2FB7EEB329560C98007AC7F1 /* ContactFormViewModel.swift */,
			);
			path = contactForm;
			sourceTree = "<group>";
		};
		2F7703392950C28400E3F5EA /* contact */ = {
			isa = PBXGroup;
			children = (
				2F7703C629529B0F00E3F5EA /* elements */,
				2F77033C2950C2D900E3F5EA /* ContactScreen.swift */,
			);
			path = contact;
			sourceTree = "<group>";
		};
		2F7703582950D68900E3F5EA /* Extension */ = {
			isa = PBXGroup;
			children = (
				2F7703592950D69F00E3F5EA /* UIColor.swift */,
				2F77035B2950DB0F00E3F5EA /* Color.swift */,
				2F7703622951132800E3F5EA /* View.swift */,
				2FF358052954AD480001B89A /* String.swift */,
				2FF358182954E8EF0001B89A /* Int.swift */,
				2FB7EEB12955DE70007AC7F1 /* SVGKImage.swift */,
				2FB7EEB529561632007AC7F1 /* Error.swift */,
				2FCDA79429575822004EA471 /* KotlinArray.swift */,
				2F0FBF28295987B900CB5390 /* CGFloat.swift */,
				2F0FBF2A2959880300CB5390 /* Double.swift */,
				2F0FBF2C2959916500CB5390 /* Binding.swift */,
			);
			path = Extension;
			sourceTree = "<group>";
		};
		2F77036A29525C4E00E3F5EA /* Lottie */ = {
			isa = PBXGroup;
			children = (
				2F77036B29525C9300E3F5EA /* CatPlayingAnimation.swift */,
				2F77036D29525CA100E3F5EA /* CatSneakingAnimation.swift */,
				2F77036F29525CAF00E3F5EA /* EmptyBoxAnimation.swift */,
				2F77037129525CBC00E3F5EA /* EmptyCartAnimation.swift */,
				2F77037329525CCB00E3F5EA /* ErrorAnimation.swift */,
				2F77037529525CD800E3F5EA /* LoadingAnimation.swift */,
				2F77037729525CE400E3F5EA /* SuccessCartAnimation.swift */,
			);
			path = Lottie;
			sourceTree = "<group>";
		};
		2F77037929526B3C00E3F5EA /* States */ = {
			isa = PBXGroup;
			children = (
				2F77037A29526B5000E3F5EA /* EmptyBody.swift */,
				2F77037C29526B5D00E3F5EA /* EmptyCartBody.swift */,
				2F77037E29526B6900E3F5EA /* ErrorBody.swift */,
				2F77038029526B7500E3F5EA /* LoadingBody.swift */,
				2F77038229526B8200E3F5EA /* SuccessCartBody.swift */,
			);
			path = States;
			sourceTree = "<group>";
		};
		2F77038429526C8400E3F5EA /* Texts */ = {
			isa = PBXGroup;
			children = (
				2F77038529526CAC00E3F5EA /* AppText.swift */,
				2F7703872952732200E3F5EA /* Typography.swift */,
			);
			path = Texts;
			sourceTree = "<group>";
		};
		2F77038929527BAB00E3F5EA /* Buttons */ = {
			isa = PBXGroup;
			children = (
				2F7703642951186100E3F5EA /* NavigationBackButton.swift */,
				2F77038A29527BC100E3F5EA /* BottonStyle.swift */,
				2F77038C29527BD700E3F5EA /* ButtonOutlineStyle.swift */,
				2F7703D42952A22900E3F5EA /* ButtonStyleSize.swift */,
			);
			path = Buttons;
			sourceTree = "<group>";
		};
		2F7703C429529AE200E3F5EA /* elements */ = {
			isa = PBXGroup;
			children = (
				2F7703CF29529B9A00E3F5EA /* InfoBlock.swift */,
				2F7703D62952A90000E3F5EA /* CategoriesBlock.swift */,
				2F7703D82952B30900E3F5EA /* CategoryItemBlock.swift */,
				2FB4D227295867340065549C /* TabsHome.swift */,
			);
			path = elements;
			sourceTree = "<group>";
		};
		2F7703C529529B0600E3F5EA /* elements */ = {
			isa = PBXGroup;
			children = (
				2F0FBF322959BF8E00CB5390 /* ProductCartItem.swift */,
			);
			path = elements;
			sourceTree = "<group>";
		};
		2F7703C629529B0F00E3F5EA /* elements */ = {
			isa = PBXGroup;
			children = (
				2F7703DA2952FE0800E3F5EA /* ContactEmailBlock.swift */,
				2F7703DC2952FE1C00E3F5EA /* ContactPhoneBlock.swift */,
				2F7703DE2952FE2E00E3F5EA /* ContactMessageBlock.swift */,
				2F7703E02952FE3B00E3F5EA /* ContactAddressBlock.swift */,
				2F7703E22952FE4600E3F5EA /* ContactMapBlock.swift */,
			);
			path = elements;
			sourceTree = "<group>";
		};
		2F7703C829529B1B00E3F5EA /* elements */ = {
			isa = PBXGroup;
			children = (
				2FB7EEA4295592BB007AC7F1 /* CategoryItem.swift */,
				2FB7EEA6295592C6007AC7F1 /* CollectionItem.swift */,
				2FB4D2292958683B0065549C /* TabsExploring.swift */,
			);
			path = elements;
			sourceTree = "<group>";
		};
		2F7703C929529B2400E3F5EA /* elements */ = {
			isa = PBXGroup;
			children = (
				2F0FBF362959F8B900CB5390 /* OrderProductList.swift */,
				2F8AE2A1295A4025005BC2D2 /* OrderProductItem.swift */,
				2F0FBF382959F8C600CB5390 /* OrderStateDetail.swift */,
				2F0FBF3A2959F8DA00CB5390 /* OrderClientDetail.swift */,
			);
			path = elements;
			sourceTree = "<group>";
		};
		2F7703CB29529B3500E3F5EA /* elements */ = {
			isa = PBXGroup;
			children = (
				2F0FBF3F295A03A500CB5390 /* OrderHistoryItem.swift */,
			);
			path = elements;
			sourceTree = "<group>";
		};
		2F7703CD29529B4100E3F5EA /* elements */ = {
			isa = PBXGroup;
			children = (
			);
			path = elements;
			sourceTree = "<group>";
		};
		2F7703CE29529B4600E3F5EA /* elements */ = {
			isa = PBXGroup;
			children = (
				2FCDA7922957551D004EA471 /* ProductItem.swift */,
				2F0FBF26295984DA00CB5390 /* FilterRungPrice.swift */,
			);
			path = elements;
			sourceTree = "<group>";
		};
		2F7703D129529EA300E3F5EA /* Utils */ = {
			isa = PBXGroup;
			children = (
				2F7703D229529ED500E3F5EA /* Shapes.swift */,
			);
			path = Utils;
			sourceTree = "<group>";
		};
		2FB4D220295852500065549C /* splash */ = {
			isa = PBXGroup;
			children = (
				2FB4D221295852680065549C /* SplashScreen.swift */,
				2FB4D2232958541A0065549C /* SplashViewModel.swift */,
			);
			path = splash;
			sourceTree = "<group>";
		};
		2FB7EEAA2955BA5C007AC7F1 /* Images */ = {
			isa = PBXGroup;
			children = (
				2FB7EEAB2955BA78007AC7F1 /* ImageDefault.swift */,
				2F0FBF43295A0BFD00CB5390 /* ImageCombine.swift */,
			);
			path = Images;
			sourceTree = "<group>";
		};
		2FCDA7962957B197004EA471 /* Navigation */ = {
			isa = PBXGroup;
			children = (
				2F7703C02952992A00E3F5EA /* NavObservable.swift */,
				2F7703C22952993600E3F5EA /* NavScreens.swift */,
				2FCDA7992957B219004EA471 /* NavDiscover.swift */,
				2FCDA7972957B1E2004EA471 /* NavEnvironment.swift */,
			);
			path = Navigation;
			sourceTree = "<group>";
		};
		2FE8A6B5295363DA002B1087 /* Forms */ = {
			isa = PBXGroup;
			children = (
				2FE8A6BC2953641E002B1087 /* fields */,
				2FE8A6B6295363EA002B1087 /* AppForm.swift */,
				2FE8A6B8295363FA002B1087 /* AppFieldText.swift */,
				2FE8A6C42953668A002B1087 /* FieldsProtocol.swift */,
			);
			path = Forms;
			sourceTree = "<group>";
		};
		2FE8A6BC2953641E002B1087 /* fields */ = {
			isa = PBXGroup;
			children = (
				2FE8A6BF29536456002B1087 /* FnameField.swift */,
				2FE8A6C829536AEE002B1087 /* LnameOptionalField.swift */,
				2FE8A6CA29536AFD002B1087 /* PhoneField.swift */,
				2FE8A6CC29536B1A002B1087 /* EmailField.swift */,
				2FE8A6CE29536B2D002B1087 /* MessageField.swift */,
				2FE8A6D029536B5A002B1087 /* PhoneOptionalField.swift */,
				2FE8A6D229536B6E002B1087 /* EmailOptionalField.swift */,
				2FE8A6D429537866002B1087 /* AddressOptionalField.swift */,
				2FF358032954AAE60001B89A /* OrderNumberField.swift */,
			);
			path = fields;
			sourceTree = "<group>";
		};
		2FF3580229549B5A0001B89A /* Base */ = {
			isa = PBXGroup;
			children = (
				2F77036629514A6B00E3F5EA /* HiddenModifier.swift */,
				2FB7EEA8295596B3007AC7F1 /* ClickModifier.swift */,
				2F7703E429532F9100E3F5EA /* WebView.swift */,
				2FF357FE295486AF0001B89A /* AppSection.swift */,
				2FF35800295499960001B89A /* AppScrollView.swift */,
				2FB7EEAF2955D705007AC7F1 /* SVGImgProcessor.swift */,
				2F0FBF342959E8D000CB5390 /* CartChangeCount.swift */,
			);
			path = Base;
			sourceTree = "<group>";
		};
		46B3C6AA0734E5279FD2D913 /* Pods */ = {
			isa = PBXGroup;
			children = (
				EDCC6CA78BA914ED0495507A /* Pods-iosApp.debug.xcconfig */,
				40B8B3B5D7D2B47B960F131E /* Pods-iosApp.release.xcconfig */,
				46A5FF364498B84FA4E0FEC6 /* Pods-MyShop.debug.xcconfig */,
				43127F3DFF2025B4835A7BC8 /* Pods-MyShop.release.xcconfig */,
				8E6218CB093B64D4D5599972 /* Pods-YouShop.debug.xcconfig */,
				65622B2167D68703FC48D906 /* Pods-YouShop.release.xcconfig */,
			);
			path = Pods;
			sourceTree = "<group>";
		};
		7555FF72242A565900829871 = {
			isa = PBXGroup;
			children = (
				7555FF7D242A565900829871 /* YouShop */,
				2F4D7B52295082DA002F507B /* Base */,
				2F4D7B5329508307002F507B /* UI */,
				2FCDA7962957B197004EA471 /* Navigation */,
				2F4D7B5129508112002F507B /* Components */,
				2F0FBF3C2959FB3A00CB5390 /* Data */,
				2F4D7B54295083F6002F507B /* NetworkServices */,
				2F4D7B572950869A002F507B /* Resources */,
				2F7703582950D68900E3F5EA /* Extension */,
				2F4D7B4E295080B8002F507B /* Generated */,
				2F4D7B4B2950804E002F507B /* Utility */,
				2F4D7B42295079A3002F507B /* System */,
				7555FF7C242A565900829871 /* Products */,
				46B3C6AA0734E5279FD2D913 /* Pods */,
				9D5DD003A878779134AC0BB0 /* Frameworks */,
			);
			sourceTree = "<group>";
		};
		7555FF7C242A565900829871 /* Products */ = {
			isa = PBXGroup;
			children = (
				7555FF7B242A565900829871 /* YouShop.app */,
			);
			name = Products;
			sourceTree = "<group>";
		};
		7555FF7D242A565900829871 /* YouShop */ = {
			isa = PBXGroup;
			children = (
				7555FF8C242A565B00829871 /* Info.plist */,
				2152FB032600AC8F00CF470E /* YouShopApp.swift */,
			);
			path = YouShop;
			sourceTree = "<group>";
		};
		9D5DD003A878779134AC0BB0 /* Frameworks */ = {
			isa = PBXGroup;
			children = (
				93DE91E9561A4D89B8EA3A66 /* Pods_YouShop.framework */,
			);
			name = Frameworks;
			sourceTree = "<group>";
		};
/* End PBXGroup section */

/* Begin PBXNativeTarget section */
		7555FF7A242A565900829871 /* YouShop */ = {
			isa = PBXNativeTarget;
			buildConfigurationList = 7555FFA5242A565B00829871 /* Build configuration list for PBXNativeTarget "YouShop" */;
			buildPhases = (
				77086F4CB079E947A7FC7816 /* [CP] Check Pods Manifest.lock */,
				7555FF77242A565900829871 /* Sources */,
				7555FF79242A565900829871 /* Resources */,
				F06E2A2C8B54B65E9E326754 /* Frameworks */,
				3A7F746AAE851D379EB8D671 /* [CP] Embed Pods Frameworks */,
				2F4D7B762950940C002F507B /* SwiftLint */,
				2F7703282950987C00E3F5EA /* SwiftGen */,
			);
			buildRules = (
			);
			dependencies = (
			);
			name = YouShop;
			productName = iosApp;
			productReference = 7555FF7B242A565900829871 /* YouShop.app */;
			productType = "com.apple.product-type.application";
		};
/* End PBXNativeTarget section */

/* Begin PBXProject section */
		7555FF73242A565900829871 /* Project object */ = {
			isa = PBXProject;
			attributes = {
				LastSwiftUpdateCheck = 1130;
				LastUpgradeCheck = 1130;
				ORGANIZATIONNAME = orgName;
				TargetAttributes = {
					7555FF7A242A565900829871 = {
						CreatedOnToolsVersion = 11.3.1;
					};
				};
			};
			buildConfigurationList = 7555FF76242A565900829871 /* Build configuration list for PBXProject "YouShop" */;
			compatibilityVersion = "Xcode 9.3";
			developmentRegion = en;
			hasScannedForEncodings = 0;
			knownRegions = (
				en,
				Base,
				ru,
			);
			mainGroup = 7555FF72242A565900829871;
			productRefGroup = 7555FF7C242A565900829871 /* Products */;
			projectDirPath = "";
			projectRoot = "";
			targets = (
				7555FF7A242A565900829871 /* YouShop */,
			);
		};
/* End PBXProject section */

/* Begin PBXResourcesBuildPhase section */
		7555FF79242A565900829871 /* Resources */ = {
			isa = PBXResourcesBuildPhase;
			buildActionMask = 2147483647;
			files = (
				2F4D7B72295089F4002F507B /* Colors.xcassets in Resources */,
				2F4D7B4A29507FC1002F507B /* .swiftlint.yml in Resources */,
				2F7703A22952836400E3F5EA /* OrderHistory.strings in Resources */,
				2F4D7B6829508892002F507B /* empty_box_blue.json in Resources */,
				2F4D7B6929508892002F507B /* order_success.json in Resources */,
				2F4D7B6729508892002F507B /* loading_round.json in Resources */,
				2F4D7B6529508892002F507B /* webpage_error.json in Resources */,
				2F77032E29509DCC00E3F5EA /* Splash.storyboard in Resources */,
				2F7703962952830100E3F5EA /* ContactForm.strings in Resources */,
				2F7703AB2952839C00E3F5EA /* Products.strings in Resources */,
				2F4D7B4829507FC1002F507B /* .gitignore in Resources */,
				2F4D7B6C29508892002F507B /* cat_playing_animation.json in Resources */,
				2F4D7B4929507FC1002F507B /* swiftgen.yml in Resources */,
				2F7703A82952838A00E3F5EA /* Product.strings in Resources */,
				2F770390295282E000E3F5EA /* Cart.strings in Resources */,
				2F4D7B6A29508892002F507B /* cat_sneaking.json in Resources */,
				2F77039F2952834700E3F5EA /* OrderCreate.strings in Resources */,
				058557BB273AAA24004C7B11 /* Assets.xcassets in Resources */,
				2F4D7B7029508985002F507B /* App.strings in Resources */,
				2F4D7B4729507FC1002F507B /* .swiftformat in Resources */,
				2F4D7B6B29508892002F507B /* block_loader.json in Resources */,
				2F77035F2950EFCF00E3F5EA /* Exploring.strings in Resources */,
				2F4D7B6629508892002F507B /* cart_empty.json in Resources */,
				2F7703A52952837600E3F5EA /* OrderSearch.strings in Resources */,
				2F77039C2952833500E3F5EA /* Order.strings in Resources */,
				2FE8A6C3295365AC002B1087 /* FormFields.strings in Resources */,
				2F770393295282F000E3F5EA /* Contact.strings in Resources */,
				2F7703992952832000E3F5EA /* Home.strings in Resources */,
			);
			runOnlyForDeploymentPostprocessing = 0;
		};
/* End PBXResourcesBuildPhase section */

/* Begin PBXShellScriptBuildPhase section */
		2F4D7B762950940C002F507B /* SwiftLint */ = {
			isa = PBXShellScriptBuildPhase;
			buildActionMask = 2147483647;
			files = (
			);
			inputFileListPaths = (
			);
			inputPaths = (
			);
			name = SwiftLint;
			outputFileListPaths = (
			);
			outputPaths = (
			);
			runOnlyForDeploymentPostprocessing = 0;
			shellPath = /bin/sh;
			shellScript = "if which \"${PODS_ROOT}/SwiftLint/swiftlint\" >/dev/null; then\n    \"${PODS_ROOT}/SwiftLint/swiftlint\"\nelse\n  echo \"warning: SwiftLint not installed, download from https://github.com/realm/SwiftLint\"\nfi\n";
		};
		2F7703282950987C00E3F5EA /* SwiftGen */ = {
			isa = PBXShellScriptBuildPhase;
			buildActionMask = 2147483647;
			files = (
			);
			inputFileListPaths = (
			);
			inputPaths = (
			);
			name = SwiftGen;
			outputFileListPaths = (
			);
			outputPaths = (
			);
			runOnlyForDeploymentPostprocessing = 0;
			shellPath = /bin/sh;
			shellScript = "if [[ -f \"${PODS_ROOT}/SwiftGen/bin/swiftgen\" ]]; then\n  \"${PODS_ROOT}/SwiftGen/bin/swiftgen\"\nelse\n  echo \"warning: SwiftGen is not installed. Run 'pod install --repo-update' to install it.\"\nfi\n";
		};
		3A7F746AAE851D379EB8D671 /* [CP] Embed Pods Frameworks */ = {
			isa = PBXShellScriptBuildPhase;
			buildActionMask = 2147483647;
			files = (
			);
			inputFileListPaths = (
				"${PODS_ROOT}/Target Support Files/Pods-YouShop/Pods-YouShop-frameworks-${CONFIGURATION}-input-files.xcfilelist",
			);
			name = "[CP] Embed Pods Frameworks";
			outputFileListPaths = (
				"${PODS_ROOT}/Target Support Files/Pods-YouShop/Pods-YouShop-frameworks-${CONFIGURATION}-output-files.xcfilelist",
			);
			runOnlyForDeploymentPostprocessing = 0;
			shellPath = /bin/sh;
			shellScript = "\"${PODS_ROOT}/Target Support Files/Pods-YouShop/Pods-YouShop-frameworks.sh\"\n";
			showEnvVarsInLog = 0;
		};
		77086F4CB079E947A7FC7816 /* [CP] Check Pods Manifest.lock */ = {
			isa = PBXShellScriptBuildPhase;
			buildActionMask = 2147483647;
			files = (
			);
			inputFileListPaths = (
			);
			inputPaths = (
				"${PODS_PODFILE_DIR_PATH}/Podfile.lock",
				"${PODS_ROOT}/Manifest.lock",
			);
			name = "[CP] Check Pods Manifest.lock";
			outputFileListPaths = (
			);
			outputPaths = (
				"$(DERIVED_FILE_DIR)/Pods-YouShop-checkManifestLockResult.txt",
			);
			runOnlyForDeploymentPostprocessing = 0;
			shellPath = /bin/sh;
			shellScript = "diff \"${PODS_PODFILE_DIR_PATH}/Podfile.lock\" \"${PODS_ROOT}/Manifest.lock\" > /dev/null\nif [ $? != 0 ] ; then\n    # print error to STDERR\n    echo \"error: The sandbox is not in sync with the Podfile.lock. Run 'pod install' or update your CocoaPods installation.\" >&2\n    exit 1\nfi\n# This output is used by Xcode 'outputs' to avoid re-running this script phase.\necho \"SUCCESS\" > \"${SCRIPT_OUTPUT_FILE_0}\"\n";
			showEnvVarsInLog = 0;
		};
/* End PBXShellScriptBuildPhase section */

/* Begin PBXSourcesBuildPhase section */
		7555FF77242A565900829871 /* Sources */ = {
			isa = PBXSourcesBuildPhase;
			buildActionMask = 2147483647;
			files = (
				2F7703C12952992A00E3F5EA /* NavObservable.swift in Sources */,
				2FF35801295499960001B89A /* AppScrollView.swift in Sources */,
				2F7703652951186100E3F5EA /* NavigationBackButton.swift in Sources */,
				2F77034B2950C37A00E3F5EA /* OrderScreen.swift in Sources */,
				2FCDA79529575822004EA471 /* KotlinArray.swift in Sources */,
				2F7703882952732200E3F5EA /* Typography.swift in Sources */,
				2FCDA79A2957B219004EA471 /* NavDiscover.swift in Sources */,
				2FB4D2242958541A0065549C /* SplashViewModel.swift in Sources */,
				2F7703692951C5F400E3F5EA /* LottieView.swift in Sources */,
				2FB7EEAC2955BA78007AC7F1 /* ImageDefault.swift in Sources */,
				2F7703D029529B9A00E3F5EA /* InfoBlock.swift in Sources */,
				2F77034F2950C39500E3F5EA /* OrderHistoryScreen.swift in Sources */,
				2FE8A6C52953668A002B1087 /* FieldsProtocol.swift in Sources */,
				2F0FBF44295A0BFD00CB5390 /* ImageCombine.swift in Sources */,
				2FF357FF295486AF0001B89A /* AppSection.swift in Sources */,
				2F7703B62952851700E3F5EA /* OrderCreateStrings.swift in Sources */,
				2F77032C29509B8500E3F5EA /* GeneratedResources.swift in Sources */,
				2FB7EEB22955DE70007AC7F1 /* SVGKImage.swift in Sources */,
				2F8AE2A6295A5B02005BC2D2 /* CollectionRealm.swift in Sources */,
				2F7703B82952851700E3F5EA /* HomeStrings.swift in Sources */,
				2F7703612950F17400E3F5EA /* ExploringStrings.swift in Sources */,
				2152FB042600AC8F00CF470E /* YouShopApp.swift in Sources */,
				2F77033F2950C2FC00E3F5EA /* ContactFormScreen.swift in Sources */,
				2FE8A6B9295363FA002B1087 /* AppFieldText.swift in Sources */,
				2F77038129526B7500E3F5EA /* LoadingBody.swift in Sources */,
				2F0FBF312959BF7700CB5390 /* CartViewModel.swift in Sources */,
				2F0FBF352959E8D000CB5390 /* CartChangeCount.swift in Sources */,
				2F7703552950C3C200E3F5EA /* ProductsScreen.swift in Sources */,
				2F7703BD2952851700E3F5EA /* ProductsStrings.swift in Sources */,
				2F7703432950C32B00E3F5EA /* ExploringCategoriesScreen.swift in Sources */,
				2F77033B2950C2C900E3F5EA /* CartScreen.swift in Sources */,
				2FCDA7912957134C004EA471 /* ProductsViewModel.swift in Sources */,
				2F77038B29527BC200E3F5EA /* BottonStyle.swift in Sources */,
				2FB7EEB629561632007AC7F1 /* Error.swift in Sources */,
				2FF3580D2954E5080001B89A /* CollectionRequests.swift in Sources */,
				2F7703DD2952FE1C00E3F5EA /* ContactPhoneBlock.swift in Sources */,
				2FF3580F2954E53D0001B89A /* OtherRequests.swift in Sources */,
				2FF358132954E5650001B89A /* OrderRequests.swift in Sources */,
				2F77036729514A6B00E3F5EA /* HiddenModifier.swift in Sources */,
				2FF358042954AAE60001B89A /* OrderNumberField.swift in Sources */,
				2F0FBF40295A03A500CB5390 /* OrderHistoryItem.swift in Sources */,
				2FB7EEA9295596B3007AC7F1 /* ClickModifier.swift in Sources */,
				2FB4D222295852680065549C /* SplashScreen.swift in Sources */,
				2F7703BE2952851700E3F5EA /* ProductStrings.swift in Sources */,
				2F77035A2950D69F00E3F5EA /* UIColor.swift in Sources */,
				2FE8A6D329536B6E002B1087 /* EmailOptionalField.swift in Sources */,
				2F0FBF392959F8C600CB5390 /* OrderStateDetail.swift in Sources */,
				2F77037629525CD800E3F5EA /* LoadingAnimation.swift in Sources */,
				2FE8A6D529537866002B1087 /* AddressOptionalField.swift in Sources */,
				2FF358112954E5530001B89A /* MessageRequests.swift in Sources */,
				2F0FBF3B2959F8DA00CB5390 /* OrderClientDetail.swift in Sources */,
				2F7703BB2952851700E3F5EA /* OrderSearchStrings.swift in Sources */,
				2F7703492950C36200E3F5EA /* HomeScreen.swift in Sources */,
				2F8AE2A2295A4025005BC2D2 /* OrderProductItem.swift in Sources */,
				2F77037229525CBC00E3F5EA /* EmptyCartAnimation.swift in Sources */,
				2F7703B72952851700E3F5EA /* ContactStrings.swift in Sources */,
				2F8AE2A4295A5984005BC2D2 /* CategoryRealm.swift in Sources */,
				2F77036C29525C9300E3F5EA /* CatPlayingAnimation.swift in Sources */,
				2F7703412950C31300E3F5EA /* ExploringTabs.swift in Sources */,
				2F77033D2950C2D900E3F5EA /* ContactScreen.swift in Sources */,
				2FB4D21F29584B240065549C /* HomeViewModel.swift in Sources */,
				2FE8A6CB29536AFD002B1087 /* PhoneField.swift in Sources */,
				2F0FBF2F2959B6EC00CB5390 /* CartObservable.swift in Sources */,
				2FF358082954DCB00001B89A /* OrderViewModel.swift in Sources */,
				2F77038D29527BD700E3F5EA /* ButtonOutlineStyle.swift in Sources */,
				2F7703472950C34E00E3F5EA /* HomeTabs.swift in Sources */,
				2F7703E529532F9100E3F5EA /* WebView.swift in Sources */,
				2F77035C2950DB0F00E3F5EA /* Color.swift in Sources */,
				2F77037B29526B5000E3F5EA /* EmptyBody.swift in Sources */,
				2FB7EEBC295625D7007AC7F1 /* ErrorResponse.swift in Sources */,
				2FF358152954E5760001B89A /* ProductRequests.swift in Sources */,
				2FCDA7932957551D004EA471 /* ProductItem.swift in Sources */,
				2F7703E12952FE3B00E3F5EA /* ContactAddressBlock.swift in Sources */,
				2FE8A6CD29536B1A002B1087 /* EmailField.swift in Sources */,
				2FB4D22A2958683B0065549C /* TabsExploring.swift in Sources */,
				2F7703BA2952851700E3F5EA /* ContactFormStrings.swift in Sources */,
				2F77038629526CAC00E3F5EA /* AppText.swift in Sources */,
				2FF3580B2954E4FC0001B89A /* CategoryRequests.swift in Sources */,
				2F77036E29525CA100E3F5EA /* CatSneakingAnimation.swift in Sources */,
				2F7703E32952FE4600E3F5EA /* ContactMapBlock.swift in Sources */,
				2F7703D72952A90000E3F5EA /* CategoriesBlock.swift in Sources */,
				2FB7EEB429560C98007AC7F1 /* ContactFormViewModel.swift in Sources */,
				2FCDA7982957B1E2004EA471 /* NavEnvironment.swift in Sources */,
				2F77034D2950C38700E3F5EA /* OrderCreateScreen.swift in Sources */,
				2FB7EEB02955D705007AC7F1 /* SVGImgProcessor.swift in Sources */,
				2F0FBF42295A044000CB5390 /* OrderHistoryViewModel.swift in Sources */,
				2F7703532950C3B400E3F5EA /* ProductScreen.swift in Sources */,
				2FE8A6B7295363EA002B1087 /* AppForm.swift in Sources */,
				2F7703BC2952851700E3F5EA /* OrderStrings.swift in Sources */,
				2F77038329526B8200E3F5EA /* SuccessCartBody.swift in Sources */,
				2F7703C32952993600E3F5EA /* NavScreens.swift in Sources */,
				2FE8A6C029536456002B1087 /* FnameField.swift in Sources */,
				2FB4D226295865A70065549C /* AppObservable.swift in Sources */,
				2F77037D29526B5D00E3F5EA /* EmptyCartBody.swift in Sources */,
				2FB7EEA3295587EC007AC7F1 /* ExploringCollectionsViewModel.swift in Sources */,
				2FF358192954E8EF0001B89A /* Int.swift in Sources */,
				2F0FBF2D2959916500CB5390 /* Binding.swift in Sources */,
				2FB4D228295867340065549C /* TabsHome.swift in Sources */,
				2F77037F29526B6900E3F5EA /* ErrorBody.swift in Sources */,
				2F0FBF332959BF8E00CB5390 /* ProductCartItem.swift in Sources */,
				2F77037829525CE400E3F5EA /* SuccessCartAnimation.swift in Sources */,
				2F7703DB2952FE0800E3F5EA /* ContactEmailBlock.swift in Sources */,
				2FF358062954AD480001B89A /* String.swift in Sources */,
				2F77037429525CCB00E3F5EA /* ErrorAnimation.swift in Sources */,
				2FF358172954E7B10001B89A /* ResponseDefaultError.swift in Sources */,
				2F77032A29509B6900E3F5EA /* AppStrings.swift in Sources */,
				2F7703D92952B30900E3F5EA /* CategoryItemBlock.swift in Sources */,
				2F4D7B4D29508085002F507B /* ConstantsKMM.swift in Sources */,
				2FB7EEA7295592C6007AC7F1 /* CollectionItem.swift in Sources */,
				2F7703D52952A22900E3F5EA /* ButtonStyleSize.swift in Sources */,
				2FB7EEA5295592BB007AC7F1 /* CategoryItem.swift in Sources */,
				2FB7EEA1295587BD007AC7F1 /* ExploringCategoriesViewModel.swift in Sources */,
				2F7703452950C33C00E3F5EA /* ExploringCollectionsScreen.swift in Sources */,
				2F7703632951132800E3F5EA /* View.swift in Sources */,
				2FE8A6C929536AEE002B1087 /* LnameOptionalField.swift in Sources */,
				2FE8A6C7295366C5002B1087 /* FormFieldsStrings.swift in Sources */,
				2F7703BF2952851700E3F5EA /* CartStrings.swift in Sources */,
				2FE8A6D129536B5A002B1087 /* PhoneOptionalField.swift in Sources */,
				2F0FBF29295987B900CB5390 /* CGFloat.swift in Sources */,
				2FCDA78F29570902004EA471 /* OrderCreateViewModel.swift in Sources */,
				2F7703DF2952FE2E00E3F5EA /* ContactMessageBlock.swift in Sources */,
				2F77037029525CAF00E3F5EA /* EmptyBoxAnimation.swift in Sources */,
				2FE8A6CF29536B2D002B1087 /* MessageField.swift in Sources */,
				2F0FBF27295984DA00CB5390 /* FilterRungPrice.swift in Sources */,
				2FB4D22C29586C3B0065549C /* ProductViewModel.swift in Sources */,
				2F7703D329529ED500E3F5EA /* Shapes.swift in Sources */,
				2F0FBF3E2959FB5700CB5390 /* OrderHistoryRealm.swift in Sources */,
				2F7703B92952851700E3F5EA /* OrderHistoryStrings.swift in Sources */,
				2F0FBF2B2959880300CB5390 /* Double.swift in Sources */,
				2F0FBF372959F8B900CB5390 /* OrderProductList.swift in Sources */,
				2F7703512950C3A400E3F5EA /* OrderSearchScreen.swift in Sources */,
			);
			runOnlyForDeploymentPostprocessing = 0;
		};
/* End PBXSourcesBuildPhase section */

/* Begin PBXVariantGroup section */
		2F4D7B6E29508985002F507B /* App.strings */ = {
			isa = PBXVariantGroup;
			children = (
				2F4D7B6F29508985002F507B /* ru */,
			);
			name = App.strings;
			sourceTree = "<group>";
		};
		2F77035D2950EFCF00E3F5EA /* Exploring.strings */ = {
			isa = PBXVariantGroup;
			children = (
				2F77035E2950EFCF00E3F5EA /* ru */,
			);
			name = Exploring.strings;
			sourceTree = "<group>";
		};
		2F77038E295282E000E3F5EA /* Cart.strings */ = {
			isa = PBXVariantGroup;
			children = (
				2F77038F295282E000E3F5EA /* ru */,
			);
			name = Cart.strings;
			sourceTree = "<group>";
		};
		2F770391295282F000E3F5EA /* Contact.strings */ = {
			isa = PBXVariantGroup;
			children = (
				2F770392295282F000E3F5EA /* ru */,
			);
			name = Contact.strings;
			sourceTree = "<group>";
		};
		2F7703942952830100E3F5EA /* ContactForm.strings */ = {
			isa = PBXVariantGroup;
			children = (
				2F7703952952830100E3F5EA /* ru */,
			);
			name = ContactForm.strings;
			sourceTree = "<group>";
		};
		2F7703972952832000E3F5EA /* Home.strings */ = {
			isa = PBXVariantGroup;
			children = (
				2F7703982952832000E3F5EA /* ru */,
			);
			name = Home.strings;
			sourceTree = "<group>";
		};
		2F77039A2952833500E3F5EA /* Order.strings */ = {
			isa = PBXVariantGroup;
			children = (
				2F77039B2952833500E3F5EA /* ru */,
			);
			name = Order.strings;
			sourceTree = "<group>";
		};
		2F77039D2952834700E3F5EA /* OrderCreate.strings */ = {
			isa = PBXVariantGroup;
			children = (
				2F77039E2952834700E3F5EA /* ru */,
			);
			name = OrderCreate.strings;
			sourceTree = "<group>";
		};
		2F7703A02952836400E3F5EA /* OrderHistory.strings */ = {
			isa = PBXVariantGroup;
			children = (
				2F7703A12952836400E3F5EA /* ru */,
			);
			name = OrderHistory.strings;
			sourceTree = "<group>";
		};
		2F7703A32952837600E3F5EA /* OrderSearch.strings */ = {
			isa = PBXVariantGroup;
			children = (
				2F7703A42952837600E3F5EA /* ru */,
			);
			name = OrderSearch.strings;
			sourceTree = "<group>";
		};
		2F7703A62952838A00E3F5EA /* Product.strings */ = {
			isa = PBXVariantGroup;
			children = (
				2F7703A72952838A00E3F5EA /* ru */,
			);
			name = Product.strings;
			sourceTree = "<group>";
		};
		2F7703A92952839C00E3F5EA /* Products.strings */ = {
			isa = PBXVariantGroup;
			children = (
				2F7703AA2952839C00E3F5EA /* ru */,
			);
			name = Products.strings;
			sourceTree = "<group>";
		};
		2FE8A6C1295365AC002B1087 /* FormFields.strings */ = {
			isa = PBXVariantGroup;
			children = (
				2FE8A6C2295365AC002B1087 /* ru */,
			);
			name = FormFields.strings;
			sourceTree = "<group>";
		};
/* End PBXVariantGroup section */

/* Begin XCBuildConfiguration section */
		7555FFA3242A565B00829871 /* Debug */ = {
			isa = XCBuildConfiguration;
			buildSettings = {
				ALWAYS_SEARCH_USER_PATHS = NO;
				CLANG_ANALYZER_NONNULL = YES;
				CLANG_ANALYZER_NUMBER_OBJECT_CONVERSION = YES_AGGRESSIVE;
				CLANG_CXX_LANGUAGE_STANDARD = "gnu++14";
				CLANG_CXX_LIBRARY = "libc++";
				CLANG_ENABLE_MODULES = YES;
				CLANG_ENABLE_OBJC_ARC = YES;
				CLANG_ENABLE_OBJC_WEAK = YES;
				CLANG_WARN_BLOCK_CAPTURE_AUTORELEASING = YES;
				CLANG_WARN_BOOL_CONVERSION = YES;
				CLANG_WARN_COMMA = YES;
				CLANG_WARN_CONSTANT_CONVERSION = YES;
				CLANG_WARN_DEPRECATED_OBJC_IMPLEMENTATIONS = YES;
				CLANG_WARN_DIRECT_OBJC_ISA_USAGE = YES_ERROR;
				CLANG_WARN_DOCUMENTATION_COMMENTS = YES;
				CLANG_WARN_EMPTY_BODY = YES;
				CLANG_WARN_ENUM_CONVERSION = YES;
				CLANG_WARN_INFINITE_RECURSION = YES;
				CLANG_WARN_INT_CONVERSION = YES;
				CLANG_WARN_NON_LITERAL_NULL_CONVERSION = YES;
				CLANG_WARN_OBJC_IMPLICIT_RETAIN_SELF = YES;
				CLANG_WARN_OBJC_LITERAL_CONVERSION = YES;
				CLANG_WARN_OBJC_ROOT_CLASS = YES_ERROR;
				CLANG_WARN_QUOTED_INCLUDE_IN_FRAMEWORK_HEADER = YES;
				CLANG_WARN_RANGE_LOOP_ANALYSIS = YES;
				CLANG_WARN_STRICT_PROTOTYPES = YES;
				CLANG_WARN_SUSPICIOUS_MOVE = YES;
				CLANG_WARN_UNGUARDED_AVAILABILITY = YES_AGGRESSIVE;
				CLANG_WARN_UNREACHABLE_CODE = YES;
				CLANG_WARN__DUPLICATE_METHOD_MATCH = YES;
				COPY_PHASE_STRIP = NO;
				DEBUG_INFORMATION_FORMAT = "dwarf-with-dsym";
				ENABLE_STRICT_OBJC_MSGSEND = YES;
				ENABLE_TESTABILITY = YES;
				GCC_C_LANGUAGE_STANDARD = gnu11;
				GCC_DYNAMIC_NO_PIC = NO;
				GCC_NO_COMMON_BLOCKS = YES;
				GCC_OPTIMIZATION_LEVEL = 0;
				GCC_PREPROCESSOR_DEFINITIONS = (
					"DEBUG=1",
					"$(inherited)",
				);
				GCC_WARN_64_TO_32_BIT_CONVERSION = YES;
				GCC_WARN_ABOUT_RETURN_TYPE = YES_ERROR;
				GCC_WARN_UNDECLARED_SELECTOR = YES;
				GCC_WARN_UNINITIALIZED_AUTOS = YES_AGGRESSIVE;
				GCC_WARN_UNUSED_FUNCTION = YES;
				GCC_WARN_UNUSED_VARIABLE = YES;
				IPHONEOS_DEPLOYMENT_TARGET = 14.1;
				MTL_ENABLE_DEBUG_INFO = INCLUDE_SOURCE;
				MTL_FAST_MATH = YES;
				ONLY_ACTIVE_ARCH = YES;
				SDKROOT = iphoneos;
				SWIFT_ACTIVE_COMPILATION_CONDITIONS = DEBUG;
				SWIFT_OPTIMIZATION_LEVEL = "-Onone";
			};
			name = Debug;
		};
		7555FFA4242A565B00829871 /* Release */ = {
			isa = XCBuildConfiguration;
			buildSettings = {
				ALWAYS_SEARCH_USER_PATHS = NO;
				CLANG_ANALYZER_NONNULL = YES;
				CLANG_ANALYZER_NUMBER_OBJECT_CONVERSION = YES_AGGRESSIVE;
				CLANG_CXX_LANGUAGE_STANDARD = "gnu++14";
				CLANG_CXX_LIBRARY = "libc++";
				CLANG_ENABLE_MODULES = YES;
				CLANG_ENABLE_OBJC_ARC = YES;
				CLANG_ENABLE_OBJC_WEAK = YES;
				CLANG_WARN_BLOCK_CAPTURE_AUTORELEASING = YES;
				CLANG_WARN_BOOL_CONVERSION = YES;
				CLANG_WARN_COMMA = YES;
				CLANG_WARN_CONSTANT_CONVERSION = YES;
				CLANG_WARN_DEPRECATED_OBJC_IMPLEMENTATIONS = YES;
				CLANG_WARN_DIRECT_OBJC_ISA_USAGE = YES_ERROR;
				CLANG_WARN_DOCUMENTATION_COMMENTS = YES;
				CLANG_WARN_EMPTY_BODY = YES;
				CLANG_WARN_ENUM_CONVERSION = YES;
				CLANG_WARN_INFINITE_RECURSION = YES;
				CLANG_WARN_INT_CONVERSION = YES;
				CLANG_WARN_NON_LITERAL_NULL_CONVERSION = YES;
				CLANG_WARN_OBJC_IMPLICIT_RETAIN_SELF = YES;
				CLANG_WARN_OBJC_LITERAL_CONVERSION = YES;
				CLANG_WARN_OBJC_ROOT_CLASS = YES_ERROR;
				CLANG_WARN_QUOTED_INCLUDE_IN_FRAMEWORK_HEADER = YES;
				CLANG_WARN_RANGE_LOOP_ANALYSIS = YES;
				CLANG_WARN_STRICT_PROTOTYPES = YES;
				CLANG_WARN_SUSPICIOUS_MOVE = YES;
				CLANG_WARN_UNGUARDED_AVAILABILITY = YES_AGGRESSIVE;
				CLANG_WARN_UNREACHABLE_CODE = YES;
				CLANG_WARN__DUPLICATE_METHOD_MATCH = YES;
				COPY_PHASE_STRIP = NO;
				DEBUG_INFORMATION_FORMAT = "dwarf-with-dsym";
				ENABLE_NS_ASSERTIONS = NO;
				ENABLE_STRICT_OBJC_MSGSEND = YES;
				GCC_C_LANGUAGE_STANDARD = gnu11;
				GCC_NO_COMMON_BLOCKS = YES;
				GCC_WARN_64_TO_32_BIT_CONVERSION = YES;
				GCC_WARN_ABOUT_RETURN_TYPE = YES_ERROR;
				GCC_WARN_UNDECLARED_SELECTOR = YES;
				GCC_WARN_UNINITIALIZED_AUTOS = YES_AGGRESSIVE;
				GCC_WARN_UNUSED_FUNCTION = YES;
				GCC_WARN_UNUSED_VARIABLE = YES;
				IPHONEOS_DEPLOYMENT_TARGET = 14.1;
				MTL_ENABLE_DEBUG_INFO = NO;
				MTL_FAST_MATH = YES;
				SDKROOT = iphoneos;
				SWIFT_COMPILATION_MODE = wholemodule;
				SWIFT_OPTIMIZATION_LEVEL = "-O";
				VALIDATE_PRODUCT = YES;
			};
			name = Release;
		};
		7555FFA6242A565B00829871 /* Debug */ = {
			isa = XCBuildConfiguration;
			baseConfigurationReference = 8E6218CB093B64D4D5599972 /* Pods-YouShop.debug.xcconfig */;
			buildSettings = {
				ASSETCATALOG_COMPILER_APPICON_NAME = AppIcon;
				CODE_SIGN_STYLE = Automatic;
				DEVELOPMENT_ASSET_PATHS = Resources/Colors/Colors.xcassets;
				ENABLE_PREVIEWS = YES;
				INFOPLIST_FILE = YouShop/Info.plist;
				INFOPLIST_KEY_CFBundleDisplayName = "My Shop";
				INFOPLIST_KEY_LSApplicationCategoryType = "public.app-category.business";
				IPHONEOS_DEPLOYMENT_TARGET = 16.0;
				LD_RUNPATH_SEARCH_PATHS = (
					"$(inherited)",
					"@executable_path/Frameworks",
				);
				MARKETING_VERSION = 0.0.1;
				PRODUCT_BUNDLE_IDENTIFIER = com.keygenqt.shop.ios;
				PRODUCT_NAME = "$(TARGET_NAME)";
				SWIFT_VERSION = 5.0;
				TARGETED_DEVICE_FAMILY = "1,2";
			};
			name = Debug;
		};
		7555FFA7242A565B00829871 /* Release */ = {
			isa = XCBuildConfiguration;
			baseConfigurationReference = 65622B2167D68703FC48D906 /* Pods-YouShop.release.xcconfig */;
			buildSettings = {
				ASSETCATALOG_COMPILER_APPICON_NAME = AppIcon;
				CODE_SIGN_STYLE = Automatic;
				DEVELOPMENT_ASSET_PATHS = Resources/Colors/Colors.xcassets;
				ENABLE_PREVIEWS = YES;
				INFOPLIST_FILE = YouShop/Info.plist;
				INFOPLIST_KEY_CFBundleDisplayName = "My Shop";
				INFOPLIST_KEY_LSApplicationCategoryType = "public.app-category.business";
				IPHONEOS_DEPLOYMENT_TARGET = 16.0;
				LD_RUNPATH_SEARCH_PATHS = (
					"$(inherited)",
					"@executable_path/Frameworks",
				);
				MARKETING_VERSION = 0.0.1;
				PRODUCT_BUNDLE_IDENTIFIER = com.keygenqt.shop.ios;
				PRODUCT_NAME = "$(TARGET_NAME)";
				SWIFT_VERSION = 5.0;
				TARGETED_DEVICE_FAMILY = "1,2";
			};
			name = Release;
		};
/* End XCBuildConfiguration section */

/* Begin XCConfigurationList section */
		7555FF76242A565900829871 /* Build configuration list for PBXProject "YouShop" */ = {
			isa = XCConfigurationList;
			buildConfigurations = (
				7555FFA3242A565B00829871 /* Debug */,
				7555FFA4242A565B00829871 /* Release */,
			);
			defaultConfigurationIsVisible = 0;
			defaultConfigurationName = Release;
		};
		7555FFA5242A565B00829871 /* Build configuration list for PBXNativeTarget "YouShop" */ = {
			isa = XCConfigurationList;
			buildConfigurations = (
				7555FFA6242A565B00829871 /* Debug */,
				7555FFA7242A565B00829871 /* Release */,
			);
			defaultConfigurationIsVisible = 0;
			defaultConfigurationName = Release;
		};
/* End XCConfigurationList section */
	};
	rootObject = 7555FF73242A565900829871 /* Project object */;
}
